{
  "object": {
    "pins": [
      {
        "package": "Rover",
        "repositoryURL": "https://github.com/RoverPlatform/rover-ios",
        "state": {
          "branch": null,
          "revision": "6c150f9bba48264e889cdda3fcc8431e7fe2eb4e",
          "version": "3.9.1"
        }
      }
    ]
  },
  "version": 1
}
