// !$*UTF8*$!
{
	archiveVersion = 1;
	classes = {
	};
	objectVersion = 48;
	objects = {

/* Begin PBXBuildFile section */
		4953DD112239925B00286C4B /* NewRover.swift in Sources */ = {isa = PBXBuildFile; fileRef = 4953DD102239925B00286C4B /* NewRover.swift */; };
		4953DD1222399A4400286C4B /* Data.OSLog.swift in Sources */ = {isa = PBXBuildFile; fileRef = DB6BE8AF215D433B000A1FDA /* Data.OSLog.swift */; };
		4953DD1322399A4800286C4B /* Data.URLRequest.swift in Sources */ = {isa = PBXBuildFile; fileRef = DB496E392148544B0026DE6A /* Data.URLRequest.swift */; };
		4953DD1422399A4D00286C4B /* HTTPClient.swift in Sources */ = {isa = PBXBuildFile; fileRef = DBC3B42A2148A7D10096C74E /* HTTPClient.swift */; };
		4953DD1522399A4D00286C4B /* HTTPError.swift in Sources */ = {isa = PBXBuildFile; fileRef = DB496E3F214854CF0026DE6A /* HTTPError.swift */; };
		4953DD1622399A4D00286C4B /* HTTPResult.swift in Sources */ = {isa = PBXBuildFile; fileRef = DB496E3D214854C50026DE6A /* HTTPResult.swift */; };
		4953DD1722399A5000286C4B /* Data+Gzip.swift in Sources */ = {isa = PBXBuildFile; fileRef = DBF49ECE203DE49500B54652 /* Data+Gzip.swift */; };
		4953DD1822399A5000286C4B /* Reachability.swift in Sources */ = {isa = PBXBuildFile; fileRef = DBF49ECF203DE49500B54652 /* Reachability.swift */; };
		4953DD1A22399A5400286C4B /* EventQueue.swift in Sources */ = {isa = PBXBuildFile; fileRef = 4953DD0B2239799200286C4B /* EventQueue.swift */; };
		4953DD1B22399A5B00286C4B /* OpenURLAction.swift in Sources */ = {isa = PBXBuildFile; fileRef = DBF2585920A36DF400400EA2 /* OpenURLAction.swift */; };
		4953DD1C22399A5B00286C4B /* PresentViewAction.swift in Sources */ = {isa = PBXBuildFile; fileRef = DBF2585D20A37BF300400EA2 /* PresentViewAction.swift */; };
		4953DD1D22399A6600286C4B /* VersionTracker.swift in Sources */ = {isa = PBXBuildFile; fileRef = DB4831B720DC38F6003DBF1B /* VersionTracker.swift */; };
		4953DD1E22399A6600286C4B /* VersionTrackerService.swift in Sources */ = {isa = PBXBuildFile; fileRef = DB4831B520DC38D8003DBF1B /* VersionTrackerService.swift */; };
		4953DD1F22399A6900286C4B /* ImageConfiguration.swift in Sources */ = {isa = PBXBuildFile; fileRef = DB00FDDB20891153008D1A57 /* ImageConfiguration.swift */; };
		4953DD2022399A6900286C4B /* ImageOptimization.swift in Sources */ = {isa = PBXBuildFile; fileRef = DB709C72207EB47400F96C2B /* ImageOptimization.swift */; };
		4953DD2122399A6900286C4B /* ImageStore.swift in Sources */ = {isa = PBXBuildFile; fileRef = DB709C68207E7EFC00F96C2B /* ImageStore.swift */; };
		4953DD2222399A6900286C4B /* ImageStoreService.swift in Sources */ = {isa = PBXBuildFile; fileRef = DB709C6B207EAEED00F96C2B /* ImageStoreService.swift */; };
		4953DD2322399A6D00286C4B /* LifeCycleTracker.swift in Sources */ = {isa = PBXBuildFile; fileRef = DBB89B9C20D0160100DD797A /* LifeCycleTracker.swift */; };
		4953DD2422399A6D00286C4B /* LifeCycleTrackerService.swift in Sources */ = {isa = PBXBuildFile; fileRef = DBB89B9F20D01CC500DD797A /* LifeCycleTrackerService.swift */; };
		4953DD2522399A7100286C4B /* Router.swift in Sources */ = {isa = PBXBuildFile; fileRef = DB00FDF7208D09AE008D1A57 /* Router.swift */; };
		4953DD2622399A7100286C4B /* RouterService.swift in Sources */ = {isa = PBXBuildFile; fileRef = DB00FDF9208D0A0A008D1A57 /* RouterService.swift */; };
		4953DD2722399A7100286C4B /* RouteHandler.swift in Sources */ = {isa = PBXBuildFile; fileRef = DB7BA91A20D9594500968A30 /* RouteHandler.swift */; };
		4953DD2822399A7600286C4B /* SessionController.swift in Sources */ = {isa = PBXBuildFile; fileRef = DB6ADD8720B34F81002F226C /* SessionController.swift */; };
		4953DD2922399A7600286C4B /* SessionControllerService.swift in Sources */ = {isa = PBXBuildFile; fileRef = DB6ADD7E20B3449E002F226C /* SessionControllerService.swift */; };
		4953DD2A22399A7600286C4B /* Session.swift in Sources */ = {isa = PBXBuildFile; fileRef = DB4831B920DC5D18003DBF1B /* Session.swift */; };
		4953DD2B22399A7900286C4B /* UIAssembler.swift in Sources */ = {isa = PBXBuildFile; fileRef = DB6ADD7620B33F5D002F226C /* UIAssembler.swift */; };
		4953DD2C22399A7F00286C4B /* Experiences.Color.swift in Sources */ = {isa = PBXBuildFile; fileRef = DBFB1B66209CD89400E99F9F /* Experiences.Color.swift */; };
		4953DD2D22399A7F00286C4B /* Experiences.Text.swift in Sources */ = {isa = PBXBuildFile; fileRef = DBFB1B68209CD8D600E99F9F /* Experiences.Text.swift */; };
		4953DD2E22399A7F00286C4B /* Experiences.ImageConfiguration.swift in Sources */ = {isa = PBXBuildFile; fileRef = DBFDF48320AC858A0031EF47 /* Experiences.ImageConfiguration.swift */; };
		4953DD2F22399A7F00286C4B /* Experiences.Barcode.swift in Sources */ = {isa = PBXBuildFile; fileRef = 4980D66421307738007267D3 /* Experiences.Barcode.swift */; };
		4953DD3022399A8500286C4B /* Background.swift in Sources */ = {isa = PBXBuildFile; fileRef = DBFB1A69209B8CC500E99F9F /* Background.swift */; };
		4953DD3122399A8500286C4B /* Barcode.swift in Sources */ = {isa = PBXBuildFile; fileRef = DBFB1A65209B8CC500E99F9F /* Barcode.swift */; };
		4953DD3222399A8500286C4B /* BarcodeBlock.swift in Sources */ = {isa = PBXBuildFile; fileRef = DBFB1A74209B8CC500E99F9F /* BarcodeBlock.swift */; };
		4953DD3322399A8500286C4B /* Block.swift in Sources */ = {isa = PBXBuildFile; fileRef = DBFB1A6A209B8CC500E99F9F /* Block.swift */; };
		4953DD3422399A8500286C4B /* Border.swift in Sources */ = {isa = PBXBuildFile; fileRef = DBFB1A71209B8CC500E99F9F /* Border.swift */; };
		4953DD3522399A8500286C4B /* ButtonBlock.swift in Sources */ = {isa = PBXBuildFile; fileRef = DBFB1A67209B8CC500E99F9F /* ButtonBlock.swift */; };
		4953DD3622399A8500286C4B /* Color.swift in Sources */ = {isa = PBXBuildFile; fileRef = DBFB1A77209B8CC500E99F9F /* Color.swift */; };
		4953DD3722399A8500286C4B /* Experience.swift in Sources */ = {isa = PBXBuildFile; fileRef = DBFB1A66209B8CC500E99F9F /* Experience.swift */; };
		4953DD3822399A8500286C4B /* Height.swift in Sources */ = {isa = PBXBuildFile; fileRef = DBFB1A73209B8CC500E99F9F /* Height.swift */; };
		4953DD3922399A8500286C4B /* Image.swift in Sources */ = {isa = PBXBuildFile; fileRef = DBFB1A6B209B8CC500E99F9F /* Image.swift */; };
		4953DD3A22399A8500286C4B /* ImageBlock.swift in Sources */ = {isa = PBXBuildFile; fileRef = DBFB1A78209B8CC500E99F9F /* ImageBlock.swift */; };
		4953DD3B22399A8500286C4B /* Insets.swift in Sources */ = {isa = PBXBuildFile; fileRef = DBFB1A72209B8CC500E99F9F /* Insets.swift */; };
		4953DD3C22399A8500286C4B /* Position.swift in Sources */ = {isa = PBXBuildFile; fileRef = DBFB1A75209B8CC500E99F9F /* Position.swift */; };
		4953DD3D22399A8500286C4B /* RectangleBlock.swift in Sources */ = {isa = PBXBuildFile; fileRef = DBFB1A68209B8CC500E99F9F /* RectangleBlock.swift */; };
		4953DD3E22399A8500286C4B /* Row.swift in Sources */ = {isa = PBXBuildFile; fileRef = DBFB1A70209B8CC500E99F9F /* Row.swift */; };
		4953DD3F22399A8500286C4B /* Screen.swift in Sources */ = {isa = PBXBuildFile; fileRef = DBFB1A6C209B8CC500E99F9F /* Screen.swift */; };
		4953DD4022399A8500286C4B /* BlockTapBehavior.swift in Sources */ = {isa = PBXBuildFile; fileRef = DBADA83120AA03B900225C80 /* BlockTapBehavior.swift */; };
		4953DD4122399A8500286C4B /* Text.swift in Sources */ = {isa = PBXBuildFile; fileRef = DBFB1A76209B8CC500E99F9F /* Text.swift */; };
		4953DD4222399A8500286C4B /* TextBlock.swift in Sources */ = {isa = PBXBuildFile; fileRef = DBFB1A6F209B8CC500E99F9F /* TextBlock.swift */; };
		4953DD4322399A8500286C4B /* WebView.swift in Sources */ = {isa = PBXBuildFile; fileRef = DBFB1A6E209B8CC500E99F9F /* WebView.swift */; };
		4953DD4422399A8500286C4B /* WebViewBlock.swift in Sources */ = {isa = PBXBuildFile; fileRef = DBFB1A6D209B8CC500E99F9F /* WebViewBlock.swift */; };
		4953DD4522399A8900286C4B /* ExperienceRouteHandler.swift in Sources */ = {isa = PBXBuildFile; fileRef = DB7BA91D20D96C9900968A30 /* ExperienceRouteHandler.swift */; };
		4953DD4622399A9100286C4B /* FetchExperienceClient.swift in Sources */ = {isa = PBXBuildFile; fileRef = DBC3B42C2148B08D0096C74E /* FetchExperienceClient.swift */; };
		4953DD4722399A9100286C4B /* ExperienceStore.swift in Sources */ = {isa = PBXBuildFile; fileRef = DBFB1B0E209CAD9600E99F9F /* ExperienceStore.swift */; };
		4953DD4822399A9100286C4B /* ExperienceStoreService.swift in Sources */ = {isa = PBXBuildFile; fileRef = DBFB1ACB209BB3D200E99F9F /* ExperienceStoreService.swift */; };
		4953DD4922399A9700286C4B /* BarcodeCell.swift in Sources */ = {isa = PBXBuildFile; fileRef = DB00FDDF208A4961008D1A57 /* BarcodeCell.swift */; };
		4953DD4A22399A9700286C4B /* BlockCell.swift in Sources */ = {isa = PBXBuildFile; fileRef = DB9DBEEE2055964E00E5C77F /* BlockCell.swift */; };
		4953DD4B22399A9700286C4B /* ButtonCell.swift in Sources */ = {isa = PBXBuildFile; fileRef = DB9DBEED2055964E00E5C77F /* ButtonCell.swift */; };
		4953DD4C22399A9700286C4B /* ImageCell.swift in Sources */ = {isa = PBXBuildFile; fileRef = DB9DBEE72055964E00E5C77F /* ImageCell.swift */; };
		4953DD4D22399A9700286C4B /* RowView.swift in Sources */ = {isa = PBXBuildFile; fileRef = DB9DBEEB2055964E00E5C77F /* RowView.swift */; };
		4953DD4E22399A9700286C4B /* TextCell.swift in Sources */ = {isa = PBXBuildFile; fileRef = DB9DBEE62055964E00E5C77F /* TextCell.swift */; };
		4953DD4F22399A9700286C4B /* WebViewCell.swift in Sources */ = {isa = PBXBuildFile; fileRef = DB9DBEEF2055964E00E5C77F /* WebViewCell.swift */; };
		4953DD5022399A9C00286C4B /* ExperienceContainer.swift in Sources */ = {isa = PBXBuildFile; fileRef = DB9DBEDF2055964E00E5C77F /* ExperienceContainer.swift */; };
		4953DD5122399A9C00286C4B /* ExperienceViewController.swift in Sources */ = {isa = PBXBuildFile; fileRef = DB9DBEDE2055964E00E5C77F /* ExperienceViewController.swift */; };
		4953DD5222399A9C00286C4B /* ScreenViewController.swift in Sources */ = {isa = PBXBuildFile; fileRef = DB9DBEE02055964E00E5C77F /* ScreenViewController.swift */; };
		4953DD5322399A9C00286C4B /* ScreenViewLayout.swift in Sources */ = {isa = PBXBuildFile; fileRef = DB9DBEE32055964E00E5C77F /* ScreenViewLayout.swift */; };
		4953DD5422399A9C00286C4B /* ScreenViewLayoutAttributes.swift in Sources */ = {isa = PBXBuildFile; fileRef = DB00FDD92087E09F008D1A57 /* ScreenViewLayoutAttributes.swift */; };
		4953DD5522399A9C00286C4B /* ExperiencesAssembler.swift in Sources */ = {isa = PBXBuildFile; fileRef = DBFB1B62209CD46200E99F9F /* ExperiencesAssembler.swift */; };
		DB1D5DC121079ED70071928F /* AttributeKey.swift in Sources */ = {isa = PBXBuildFile; fileRef = DB1D5DC021079ED70071928F /* AttributeKey.swift */; };
		DB1D5DC32107C9850071928F /* AttributeValue.swift in Sources */ = {isa = PBXBuildFile; fileRef = DB1D5DC22107C9850071928F /* AttributeValue.swift */; };
		DB1D5DC52107D32C0071928F /* Attributes.swift in Sources */ = {isa = PBXBuildFile; fileRef = DB1D5DC42107D32C0071928F /* Attributes.swift */; };
		DB6BE8AE215D41F7000A1FDA /* Foundation.OSLog.swift in Sources */ = {isa = PBXBuildFile; fileRef = DB6BE8AD215D41F7000A1FDA /* Foundation.OSLog.swift */; };
		DB71C62C2109265F0079EDFF /* AttributeRepresentable.swift in Sources */ = {isa = PBXBuildFile; fileRef = DB71C62B2109265F0079EDFF /* AttributeRepresentable.swift */; };
		DB71C62E21092B970079EDFF /* ScalarRepresentable.swift in Sources */ = {isa = PBXBuildFile; fileRef = DB71C62D21092B970079EDFF /* ScalarRepresentable.swift */; };
		DB71C63021092C120079EDFF /* Scalar.swift in Sources */ = {isa = PBXBuildFile; fileRef = DB71C62F21092C120079EDFF /* Scalar.swift */; };
		DBADA7FB20A4F32500225C80 /* Action.swift in Sources */ = {isa = PBXBuildFile; fileRef = DBADA7F220A4F32500225C80 /* Action.swift */; };
		DBADA7FC20A4F32500225C80 /* ActionObserver.swift in Sources */ = {isa = PBXBuildFile; fileRef = DBADA7F420A4F32500225C80 /* ActionObserver.swift */; };
		DBADA7FD20A4F32500225C80 /* BlockObserver.swift in Sources */ = {isa = PBXBuildFile; fileRef = DBADA7F520A4F32500225C80 /* BlockObserver.swift */; };
		DBADA80320A4F37C00225C80 /* Dispatcher.swift in Sources */ = {isa = PBXBuildFile; fileRef = DBADA80120A4F37C00225C80 /* Dispatcher.swift */; };
		DBADA80420A4F37C00225C80 /* DispatcherService.swift in Sources */ = {isa = PBXBuildFile; fileRef = DBADA80220A4F37C00225C80 /* DispatcherService.swift */; };
		DBB89BE820D0415600DD797A /* Rover.swift in Sources */ = {isa = PBXBuildFile; fileRef = DBF49DF2203DE18500B54652 /* Rover.swift */; };
		DBB89C4C20D084D600DD797A /* RoverFoundation.h in Headers */ = {isa = PBXBuildFile; fileRef = DBB89C4A20D083AF00DD797A /* RoverFoundation.h */; settings = {ATTRIBUTES = (Public, ); }; };
		DBC3FBF32155375D00372A65 /* PersistedValue.swift in Sources */ = {isa = PBXBuildFile; fileRef = DBC3FBF22155375D00372A65 /* PersistedValue.swift */; };
		DBCBE086216140E6001C7A96 /* Foundation.JSONEncoder.swift in Sources */ = {isa = PBXBuildFile; fileRef = DBCBE085216140E6001C7A96 /* Foundation.JSONEncoder.swift */; };
		DBCBE088216140F1001C7A96 /* Foundation.JSONDecoder.swift in Sources */ = {isa = PBXBuildFile; fileRef = DBCBE087216140F1001C7A96 /* Foundation.JSONDecoder.swift */; };
		DBF2584120A107BD00400EA2 /* ObserverSet.swift in Sources */ = {isa = PBXBuildFile; fileRef = DBF2584020A107BD00400EA2 /* ObserverSet.swift */; };
		DBF49DDD203DE00F00B54652 /* Rover.framework in Frameworks */ = {isa = PBXBuildFile; fileRef = DBF49DD3203DE00F00B54652 /* Rover.framework */; };
		DBF49DE2203DE00F00B54652 /* RoverFoundationTests.swift in Sources */ = {isa = PBXBuildFile; fileRef = DBF49DE1203DE00F00B54652 /* RoverFoundationTests.swift */; };
		DBF49DF6203DE18500B54652 /* FoundationAssembler.swift in Sources */ = {isa = PBXBuildFile; fileRef = DBF49DF3203DE18500B54652 /* FoundationAssembler.swift */; };
		DBF49E00203DE1DE00B54652 /* Resolver.swift in Sources */ = {isa = PBXBuildFile; fileRef = DBF49DF8203DE1DE00B54652 /* Resolver.swift */; };
		DBF49E02203DE1DE00B54652 /* Assembler.swift in Sources */ = {isa = PBXBuildFile; fileRef = DBF49DFA203DE1DE00B54652 /* Assembler.swift */; };
		DBF49E03203DE1DE00B54652 /* ServiceEntry.swift in Sources */ = {isa = PBXBuildFile; fileRef = DBF49DFB203DE1DE00B54652 /* ServiceEntry.swift */; };
		DBF49E04203DE1DE00B54652 /* Container.swift in Sources */ = {isa = PBXBuildFile; fileRef = DBF49DFC203DE1DE00B54652 /* Container.swift */; };
		DBF49E05203DE1DE00B54652 /* ServiceFactory.swift in Sources */ = {isa = PBXBuildFile; fileRef = DBF49DFD203DE1DE00B54652 /* ServiceFactory.swift */; };
		DBF49E06203DE1DE00B54652 /* ServiceKey.swift in Sources */ = {isa = PBXBuildFile; fileRef = DBF49DFE203DE1DE00B54652 /* ServiceKey.swift */; };
		DBF49E07203DE1DE00B54652 /* ServiceScope.swift in Sources */ = {isa = PBXBuildFile; fileRef = DBF49DFF203DE1DE00B54652 /* ServiceScope.swift */; };
		DBFB1AF3209CA82800E99F9F /* ID.swift in Sources */ = {isa = PBXBuildFile; fileRef = DBFB1A79209B8CC500E99F9F /* ID.swift */; };
		DBFDF52420AE2B1C0031EF47 /* Foundation.DateFormatter.swift in Sources */ = {isa = PBXBuildFile; fileRef = DBFDF52320AE2B1C0031EF47 /* Foundation.DateFormatter.swift */; };
/* End PBXBuildFile section */

/* Begin PBXContainerItemProxy section */
		DBF49DDE203DE00F00B54652 /* PBXContainerItemProxy */ = {
			isa = PBXContainerItemProxy;
			containerPortal = DBF49DCA203DE00F00B54652 /* Project object */;
			proxyType = 1;
			remoteGlobalIDString = DBF49DD2203DE00F00B54652;
			remoteInfo = RoverFoundation;
		};
/* End PBXContainerItemProxy section */

/* Begin PBXFileReference section */
		4953DD0B2239799200286C4B /* EventQueue.swift */ = {isa = PBXFileReference; lastKnownFileType = sourcecode.swift; path = EventQueue.swift; sourceTree = "<group>"; };
		4953DD102239925B00286C4B /* NewRover.swift */ = {isa = PBXFileReference; lastKnownFileType = sourcecode.swift; path = NewRover.swift; sourceTree = "<group>"; };
		4980D66421307738007267D3 /* Experiences.Barcode.swift */ = {isa = PBXFileReference; lastKnownFileType = sourcecode.swift; path = Experiences.Barcode.swift; sourceTree = "<group>"; };
		DB00FDD92087E09F008D1A57 /* ScreenViewLayoutAttributes.swift */ = {isa = PBXFileReference; lastKnownFileType = sourcecode.swift; path = ScreenViewLayoutAttributes.swift; sourceTree = "<group>"; };
		DB00FDDB20891153008D1A57 /* ImageConfiguration.swift */ = {isa = PBXFileReference; lastKnownFileType = sourcecode.swift; path = ImageConfiguration.swift; sourceTree = "<group>"; };
		DB00FDDF208A4961008D1A57 /* BarcodeCell.swift */ = {isa = PBXFileReference; lastKnownFileType = sourcecode.swift; path = BarcodeCell.swift; sourceTree = "<group>"; };
		DB00FDF7208D09AE008D1A57 /* Router.swift */ = {isa = PBXFileReference; lastKnownFileType = sourcecode.swift; path = Router.swift; sourceTree = "<group>"; };
		DB00FDF9208D0A0A008D1A57 /* RouterService.swift */ = {isa = PBXFileReference; lastKnownFileType = sourcecode.swift; path = RouterService.swift; sourceTree = "<group>"; };
		DB1D5DC021079ED70071928F /* AttributeKey.swift */ = {isa = PBXFileReference; lastKnownFileType = sourcecode.swift; path = AttributeKey.swift; sourceTree = "<group>"; };
		DB1D5DC22107C9850071928F /* AttributeValue.swift */ = {isa = PBXFileReference; lastKnownFileType = sourcecode.swift; path = AttributeValue.swift; sourceTree = "<group>"; };
		DB1D5DC42107D32C0071928F /* Attributes.swift */ = {isa = PBXFileReference; lastKnownFileType = sourcecode.swift; path = Attributes.swift; sourceTree = "<group>"; };
		DB4831B520DC38D8003DBF1B /* VersionTrackerService.swift */ = {isa = PBXFileReference; lastKnownFileType = sourcecode.swift; path = VersionTrackerService.swift; sourceTree = "<group>"; };
		DB4831B720DC38F6003DBF1B /* VersionTracker.swift */ = {isa = PBXFileReference; lastKnownFileType = sourcecode.swift; path = VersionTracker.swift; sourceTree = "<group>"; };
		DB4831B920DC5D18003DBF1B /* Session.swift */ = {isa = PBXFileReference; lastKnownFileType = sourcecode.swift; path = Session.swift; sourceTree = "<group>"; };
		DB496E392148544B0026DE6A /* Data.URLRequest.swift */ = {isa = PBXFileReference; lastKnownFileType = sourcecode.swift; path = Data.URLRequest.swift; sourceTree = "<group>"; };
		DB496E3D214854C50026DE6A /* HTTPResult.swift */ = {isa = PBXFileReference; lastKnownFileType = sourcecode.swift; path = HTTPResult.swift; sourceTree = "<group>"; };
		DB496E3F214854CF0026DE6A /* HTTPError.swift */ = {isa = PBXFileReference; lastKnownFileType = sourcecode.swift; path = HTTPError.swift; sourceTree = "<group>"; };
		DB6ADD6720B33EC0002F226C /* RoverUITests.swift */ = {isa = PBXFileReference; lastKnownFileType = sourcecode.swift; path = RoverUITests.swift; sourceTree = "<group>"; };
		DB6ADD6920B33EC0002F226C /* Info.plist */ = {isa = PBXFileReference; lastKnownFileType = text.plist.xml; path = Info.plist; sourceTree = "<group>"; };
		DB6ADD7620B33F5D002F226C /* UIAssembler.swift */ = {isa = PBXFileReference; lastKnownFileType = sourcecode.swift; path = UIAssembler.swift; sourceTree = "<group>"; };
		DB6ADD7E20B3449E002F226C /* SessionControllerService.swift */ = {isa = PBXFileReference; lastKnownFileType = sourcecode.swift; path = SessionControllerService.swift; sourceTree = "<group>"; };
		DB6ADD8720B34F81002F226C /* SessionController.swift */ = {isa = PBXFileReference; lastKnownFileType = sourcecode.swift; path = SessionController.swift; sourceTree = "<group>"; };
		DB6BE8AD215D41F7000A1FDA /* Foundation.OSLog.swift */ = {isa = PBXFileReference; lastKnownFileType = sourcecode.swift; path = Foundation.OSLog.swift; sourceTree = "<group>"; };
		DB6BE8AF215D433B000A1FDA /* Data.OSLog.swift */ = {isa = PBXFileReference; lastKnownFileType = sourcecode.swift; path = Data.OSLog.swift; sourceTree = "<group>"; };
		DB709C68207E7EFC00F96C2B /* ImageStore.swift */ = {isa = PBXFileReference; lastKnownFileType = sourcecode.swift; path = ImageStore.swift; sourceTree = "<group>"; };
		DB709C6B207EAEED00F96C2B /* ImageStoreService.swift */ = {isa = PBXFileReference; lastKnownFileType = sourcecode.swift; path = ImageStoreService.swift; sourceTree = "<group>"; };
		DB709C72207EB47400F96C2B /* ImageOptimization.swift */ = {isa = PBXFileReference; lastKnownFileType = sourcecode.swift; path = ImageOptimization.swift; sourceTree = "<group>"; };
		DB71C62B2109265F0079EDFF /* AttributeRepresentable.swift */ = {isa = PBXFileReference; lastKnownFileType = sourcecode.swift; path = AttributeRepresentable.swift; sourceTree = "<group>"; };
		DB71C62D21092B970079EDFF /* ScalarRepresentable.swift */ = {isa = PBXFileReference; lastKnownFileType = sourcecode.swift; path = ScalarRepresentable.swift; sourceTree = "<group>"; };
		DB71C62F21092C120079EDFF /* Scalar.swift */ = {isa = PBXFileReference; lastKnownFileType = sourcecode.swift; path = Scalar.swift; sourceTree = "<group>"; };
		DB7BA91A20D9594500968A30 /* RouteHandler.swift */ = {isa = PBXFileReference; lastKnownFileType = sourcecode.swift; path = RouteHandler.swift; sourceTree = "<group>"; };
		DB7BA91D20D96C9900968A30 /* ExperienceRouteHandler.swift */ = {isa = PBXFileReference; lastKnownFileType = sourcecode.swift; path = ExperienceRouteHandler.swift; sourceTree = "<group>"; };
		DB9DBEDE2055964E00E5C77F /* ExperienceViewController.swift */ = {isa = PBXFileReference; fileEncoding = 4; lastKnownFileType = sourcecode.swift; path = ExperienceViewController.swift; sourceTree = "<group>"; };
		DB9DBEDF2055964E00E5C77F /* ExperienceContainer.swift */ = {isa = PBXFileReference; fileEncoding = 4; lastKnownFileType = sourcecode.swift; path = ExperienceContainer.swift; sourceTree = "<group>"; };
		DB9DBEE02055964E00E5C77F /* ScreenViewController.swift */ = {isa = PBXFileReference; fileEncoding = 4; lastKnownFileType = sourcecode.swift; path = ScreenViewController.swift; sourceTree = "<group>"; };
		DB9DBEE32055964E00E5C77F /* ScreenViewLayout.swift */ = {isa = PBXFileReference; fileEncoding = 4; lastKnownFileType = sourcecode.swift; path = ScreenViewLayout.swift; sourceTree = "<group>"; };
		DB9DBEE62055964E00E5C77F /* TextCell.swift */ = {isa = PBXFileReference; fileEncoding = 4; lastKnownFileType = sourcecode.swift; path = TextCell.swift; sourceTree = "<group>"; };
		DB9DBEE72055964E00E5C77F /* ImageCell.swift */ = {isa = PBXFileReference; fileEncoding = 4; lastKnownFileType = sourcecode.swift; path = ImageCell.swift; sourceTree = "<group>"; };
		DB9DBEEB2055964E00E5C77F /* RowView.swift */ = {isa = PBXFileReference; fileEncoding = 4; lastKnownFileType = sourcecode.swift; path = RowView.swift; sourceTree = "<group>"; };
		DB9DBEED2055964E00E5C77F /* ButtonCell.swift */ = {isa = PBXFileReference; fileEncoding = 4; lastKnownFileType = sourcecode.swift; path = ButtonCell.swift; sourceTree = "<group>"; };
		DB9DBEEE2055964E00E5C77F /* BlockCell.swift */ = {isa = PBXFileReference; fileEncoding = 4; lastKnownFileType = sourcecode.swift; path = BlockCell.swift; sourceTree = "<group>"; };
		DB9DBEEF2055964E00E5C77F /* WebViewCell.swift */ = {isa = PBXFileReference; fileEncoding = 4; lastKnownFileType = sourcecode.swift; path = WebViewCell.swift; sourceTree = "<group>"; };
		DBADA7F220A4F32500225C80 /* Action.swift */ = {isa = PBXFileReference; fileEncoding = 4; lastKnownFileType = sourcecode.swift; path = Action.swift; sourceTree = "<group>"; };
		DBADA7F420A4F32500225C80 /* ActionObserver.swift */ = {isa = PBXFileReference; fileEncoding = 4; lastKnownFileType = sourcecode.swift; path = ActionObserver.swift; sourceTree = "<group>"; };
		DBADA7F520A4F32500225C80 /* BlockObserver.swift */ = {isa = PBXFileReference; fileEncoding = 4; lastKnownFileType = sourcecode.swift; path = BlockObserver.swift; sourceTree = "<group>"; };
		DBADA80120A4F37C00225C80 /* Dispatcher.swift */ = {isa = PBXFileReference; fileEncoding = 4; lastKnownFileType = sourcecode.swift; path = Dispatcher.swift; sourceTree = "<group>"; };
		DBADA80220A4F37C00225C80 /* DispatcherService.swift */ = {isa = PBXFileReference; fileEncoding = 4; lastKnownFileType = sourcecode.swift; path = DispatcherService.swift; sourceTree = "<group>"; };
		DBADA83120AA03B900225C80 /* BlockTapBehavior.swift */ = {isa = PBXFileReference; lastKnownFileType = sourcecode.swift; path = BlockTapBehavior.swift; sourceTree = "<group>"; };
		DBB89B9C20D0160100DD797A /* LifeCycleTracker.swift */ = {isa = PBXFileReference; lastKnownFileType = sourcecode.swift; path = LifeCycleTracker.swift; sourceTree = "<group>"; };
		DBB89B9F20D01CC500DD797A /* LifeCycleTrackerService.swift */ = {isa = PBXFileReference; lastKnownFileType = sourcecode.swift; path = LifeCycleTrackerService.swift; sourceTree = "<group>"; };
		DBB89C4A20D083AF00DD797A /* RoverFoundation.h */ = {isa = PBXFileReference; lastKnownFileType = sourcecode.c.h; path = RoverFoundation.h; sourceTree = "<group>"; };
		DBC3B42A2148A7D10096C74E /* HTTPClient.swift */ = {isa = PBXFileReference; lastKnownFileType = sourcecode.swift; path = HTTPClient.swift; sourceTree = "<group>"; };
		DBC3B42C2148B08D0096C74E /* FetchExperienceClient.swift */ = {isa = PBXFileReference; lastKnownFileType = sourcecode.swift; path = FetchExperienceClient.swift; sourceTree = "<group>"; };
		DBC3FBF22155375D00372A65 /* PersistedValue.swift */ = {isa = PBXFileReference; lastKnownFileType = sourcecode.swift; path = PersistedValue.swift; sourceTree = "<group>"; };
		DBCBE085216140E6001C7A96 /* Foundation.JSONEncoder.swift */ = {isa = PBXFileReference; lastKnownFileType = sourcecode.swift; path = Foundation.JSONEncoder.swift; sourceTree = "<group>"; };
		DBCBE087216140F1001C7A96 /* Foundation.JSONDecoder.swift */ = {isa = PBXFileReference; lastKnownFileType = sourcecode.swift; path = Foundation.JSONDecoder.swift; sourceTree = "<group>"; };
		DBD88A8020C1B21700085AE0 /* RoverDataTests.swift */ = {isa = PBXFileReference; lastKnownFileType = sourcecode.swift; path = RoverDataTests.swift; sourceTree = "<group>"; };
		DBD88A8220C1B21700085AE0 /* Info.plist */ = {isa = PBXFileReference; lastKnownFileType = text.plist.xml; path = Info.plist; sourceTree = "<group>"; };
		DBF2584020A107BD00400EA2 /* ObserverSet.swift */ = {isa = PBXFileReference; lastKnownFileType = sourcecode.swift; path = ObserverSet.swift; sourceTree = "<group>"; };
		DBF2585920A36DF400400EA2 /* OpenURLAction.swift */ = {isa = PBXFileReference; fileEncoding = 4; lastKnownFileType = sourcecode.swift; path = OpenURLAction.swift; sourceTree = "<group>"; };
		DBF2585D20A37BF300400EA2 /* PresentViewAction.swift */ = {isa = PBXFileReference; fileEncoding = 4; lastKnownFileType = sourcecode.swift; path = PresentViewAction.swift; sourceTree = "<group>"; };
		DBF31B2320E17176005D7C34 /* RoverDebugTests.swift */ = {isa = PBXFileReference; lastKnownFileType = sourcecode.swift; path = RoverDebugTests.swift; sourceTree = "<group>"; };
		DBF31B2520E17176005D7C34 /* Info.plist */ = {isa = PBXFileReference; lastKnownFileType = text.plist.xml; path = Info.plist; sourceTree = "<group>"; };
		DBF49DD3203DE00F00B54652 /* Rover.framework */ = {isa = PBXFileReference; explicitFileType = wrapper.framework; includeInIndex = 0; path = Rover.framework; sourceTree = BUILT_PRODUCTS_DIR; };
		DBF49DD7203DE00F00B54652 /* Info.plist */ = {isa = PBXFileReference; lastKnownFileType = text.plist.xml; path = Info.plist; sourceTree = "<group>"; };
		DBF49DDC203DE00F00B54652 /* RoverTests.xctest */ = {isa = PBXFileReference; explicitFileType = wrapper.cfbundle; includeInIndex = 0; path = RoverTests.xctest; sourceTree = BUILT_PRODUCTS_DIR; };
		DBF49DE1203DE00F00B54652 /* RoverFoundationTests.swift */ = {isa = PBXFileReference; lastKnownFileType = sourcecode.swift; path = RoverFoundationTests.swift; sourceTree = "<group>"; };
		DBF49DE3203DE00F00B54652 /* Info.plist */ = {isa = PBXFileReference; lastKnownFileType = text.plist.xml; path = Info.plist; sourceTree = "<group>"; };
		DBF49DF2203DE18500B54652 /* Rover.swift */ = {isa = PBXFileReference; fileEncoding = 4; lastKnownFileType = sourcecode.swift; path = Rover.swift; sourceTree = "<group>"; };
		DBF49DF3203DE18500B54652 /* FoundationAssembler.swift */ = {isa = PBXFileReference; fileEncoding = 4; lastKnownFileType = sourcecode.swift; path = FoundationAssembler.swift; sourceTree = "<group>"; };
		DBF49DF8203DE1DE00B54652 /* Resolver.swift */ = {isa = PBXFileReference; fileEncoding = 4; lastKnownFileType = sourcecode.swift; path = Resolver.swift; sourceTree = "<group>"; };
		DBF49DFA203DE1DE00B54652 /* Assembler.swift */ = {isa = PBXFileReference; fileEncoding = 4; lastKnownFileType = sourcecode.swift; path = Assembler.swift; sourceTree = "<group>"; };
		DBF49DFB203DE1DE00B54652 /* ServiceEntry.swift */ = {isa = PBXFileReference; fileEncoding = 4; lastKnownFileType = sourcecode.swift; path = ServiceEntry.swift; sourceTree = "<group>"; };
		DBF49DFC203DE1DE00B54652 /* Container.swift */ = {isa = PBXFileReference; fileEncoding = 4; lastKnownFileType = sourcecode.swift; path = Container.swift; sourceTree = "<group>"; };
		DBF49DFD203DE1DE00B54652 /* ServiceFactory.swift */ = {isa = PBXFileReference; fileEncoding = 4; lastKnownFileType = sourcecode.swift; path = ServiceFactory.swift; sourceTree = "<group>"; };
		DBF49DFE203DE1DE00B54652 /* ServiceKey.swift */ = {isa = PBXFileReference; fileEncoding = 4; lastKnownFileType = sourcecode.swift; path = ServiceKey.swift; sourceTree = "<group>"; };
		DBF49DFF203DE1DE00B54652 /* ServiceScope.swift */ = {isa = PBXFileReference; fileEncoding = 4; lastKnownFileType = sourcecode.swift; path = ServiceScope.swift; sourceTree = "<group>"; };
		DBF49ECE203DE49500B54652 /* Data+Gzip.swift */ = {isa = PBXFileReference; fileEncoding = 4; lastKnownFileType = sourcecode.swift; path = "Data+Gzip.swift"; sourceTree = "<group>"; };
		DBF49ECF203DE49500B54652 /* Reachability.swift */ = {isa = PBXFileReference; fileEncoding = 4; lastKnownFileType = sourcecode.swift; path = Reachability.swift; sourceTree = "<group>"; };
		DBFB1A65209B8CC500E99F9F /* Barcode.swift */ = {isa = PBXFileReference; fileEncoding = 4; lastKnownFileType = sourcecode.swift; path = Barcode.swift; sourceTree = "<group>"; };
		DBFB1A66209B8CC500E99F9F /* Experience.swift */ = {isa = PBXFileReference; fileEncoding = 4; lastKnownFileType = sourcecode.swift; path = Experience.swift; sourceTree = "<group>"; };
		DBFB1A67209B8CC500E99F9F /* ButtonBlock.swift */ = {isa = PBXFileReference; fileEncoding = 4; lastKnownFileType = sourcecode.swift; path = ButtonBlock.swift; sourceTree = "<group>"; };
		DBFB1A68209B8CC500E99F9F /* RectangleBlock.swift */ = {isa = PBXFileReference; fileEncoding = 4; lastKnownFileType = sourcecode.swift; path = RectangleBlock.swift; sourceTree = "<group>"; };
		DBFB1A69209B8CC500E99F9F /* Background.swift */ = {isa = PBXFileReference; fileEncoding = 4; lastKnownFileType = sourcecode.swift; path = Background.swift; sourceTree = "<group>"; };
		DBFB1A6A209B8CC500E99F9F /* Block.swift */ = {isa = PBXFileReference; fileEncoding = 4; lastKnownFileType = sourcecode.swift; path = Block.swift; sourceTree = "<group>"; };
		DBFB1A6B209B8CC500E99F9F /* Image.swift */ = {isa = PBXFileReference; fileEncoding = 4; lastKnownFileType = sourcecode.swift; path = Image.swift; sourceTree = "<group>"; };
		DBFB1A6C209B8CC500E99F9F /* Screen.swift */ = {isa = PBXFileReference; fileEncoding = 4; lastKnownFileType = sourcecode.swift; path = Screen.swift; sourceTree = "<group>"; };
		DBFB1A6D209B8CC500E99F9F /* WebViewBlock.swift */ = {isa = PBXFileReference; fileEncoding = 4; lastKnownFileType = sourcecode.swift; path = WebViewBlock.swift; sourceTree = "<group>"; };
		DBFB1A6E209B8CC500E99F9F /* WebView.swift */ = {isa = PBXFileReference; fileEncoding = 4; lastKnownFileType = sourcecode.swift; path = WebView.swift; sourceTree = "<group>"; };
		DBFB1A6F209B8CC500E99F9F /* TextBlock.swift */ = {isa = PBXFileReference; fileEncoding = 4; lastKnownFileType = sourcecode.swift; path = TextBlock.swift; sourceTree = "<group>"; };
		DBFB1A70209B8CC500E99F9F /* Row.swift */ = {isa = PBXFileReference; fileEncoding = 4; lastKnownFileType = sourcecode.swift; path = Row.swift; sourceTree = "<group>"; };
		DBFB1A71209B8CC500E99F9F /* Border.swift */ = {isa = PBXFileReference; fileEncoding = 4; lastKnownFileType = sourcecode.swift; path = Border.swift; sourceTree = "<group>"; };
		DBFB1A72209B8CC500E99F9F /* Insets.swift */ = {isa = PBXFileReference; fileEncoding = 4; lastKnownFileType = sourcecode.swift; path = Insets.swift; sourceTree = "<group>"; };
		DBFB1A73209B8CC500E99F9F /* Height.swift */ = {isa = PBXFileReference; fileEncoding = 4; lastKnownFileType = sourcecode.swift; path = Height.swift; sourceTree = "<group>"; };
		DBFB1A74209B8CC500E99F9F /* BarcodeBlock.swift */ = {isa = PBXFileReference; fileEncoding = 4; lastKnownFileType = sourcecode.swift; path = BarcodeBlock.swift; sourceTree = "<group>"; };
		DBFB1A75209B8CC500E99F9F /* Position.swift */ = {isa = PBXFileReference; fileEncoding = 4; lastKnownFileType = sourcecode.swift; path = Position.swift; sourceTree = "<group>"; };
		DBFB1A76209B8CC500E99F9F /* Text.swift */ = {isa = PBXFileReference; fileEncoding = 4; lastKnownFileType = sourcecode.swift; path = Text.swift; sourceTree = "<group>"; };
		DBFB1A77209B8CC500E99F9F /* Color.swift */ = {isa = PBXFileReference; fileEncoding = 4; lastKnownFileType = sourcecode.swift; path = Color.swift; sourceTree = "<group>"; };
		DBFB1A78209B8CC500E99F9F /* ImageBlock.swift */ = {isa = PBXFileReference; fileEncoding = 4; lastKnownFileType = sourcecode.swift; path = ImageBlock.swift; sourceTree = "<group>"; };
		DBFB1A79209B8CC500E99F9F /* ID.swift */ = {isa = PBXFileReference; fileEncoding = 4; lastKnownFileType = sourcecode.swift; path = ID.swift; sourceTree = "<group>"; };
		DBFB1ACB209BB3D200E99F9F /* ExperienceStoreService.swift */ = {isa = PBXFileReference; lastKnownFileType = sourcecode.swift; path = ExperienceStoreService.swift; sourceTree = "<group>"; };
		DBFB1B0E209CAD9600E99F9F /* ExperienceStore.swift */ = {isa = PBXFileReference; lastKnownFileType = sourcecode.swift; path = ExperienceStore.swift; sourceTree = "<group>"; };
		DBFB1B62209CD46200E99F9F /* ExperiencesAssembler.swift */ = {isa = PBXFileReference; lastKnownFileType = sourcecode.swift; path = ExperiencesAssembler.swift; sourceTree = "<group>"; };
		DBFB1B66209CD89400E99F9F /* Experiences.Color.swift */ = {isa = PBXFileReference; lastKnownFileType = sourcecode.swift; path = Experiences.Color.swift; sourceTree = "<group>"; };
		DBFB1B68209CD8D600E99F9F /* Experiences.Text.swift */ = {isa = PBXFileReference; lastKnownFileType = sourcecode.swift; path = Experiences.Text.swift; sourceTree = "<group>"; };
		DBFDF44F20AC84430031EF47 /* RoverExperiencesTests.swift */ = {isa = PBXFileReference; lastKnownFileType = sourcecode.swift; path = RoverExperiencesTests.swift; sourceTree = "<group>"; };
		DBFDF45120AC84430031EF47 /* Info.plist */ = {isa = PBXFileReference; lastKnownFileType = text.plist.xml; path = Info.plist; sourceTree = "<group>"; };
		DBFDF48320AC858A0031EF47 /* Experiences.ImageConfiguration.swift */ = {isa = PBXFileReference; lastKnownFileType = sourcecode.swift; path = Experiences.ImageConfiguration.swift; sourceTree = "<group>"; };
		DBFDF52320AE2B1C0031EF47 /* Foundation.DateFormatter.swift */ = {isa = PBXFileReference; lastKnownFileType = sourcecode.swift; path = Foundation.DateFormatter.swift; sourceTree = "<group>"; };
/* End PBXFileReference section */

/* Begin PBXFrameworksBuildPhase section */
		DBF49DCF203DE00F00B54652 /* Frameworks */ = {
			isa = PBXFrameworksBuildPhase;
			buildActionMask = 2147483647;
			files = (
			);
			runOnlyForDeploymentPostprocessing = 0;
		};
		DBF49DD9203DE00F00B54652 /* Frameworks */ = {
			isa = PBXFrameworksBuildPhase;
			buildActionMask = 2147483647;
			files = (
				DBF49DDD203DE00F00B54652 /* Rover.framework in Frameworks */,
			);
			runOnlyForDeploymentPostprocessing = 0;
		};
/* End PBXFrameworksBuildPhase section */

/* Begin PBXGroup section */
		DB00FDF6208D099F008D1A57 /* Router */ = {
			isa = PBXGroup;
			children = (
				DB00FDF7208D09AE008D1A57 /* Router.swift */,
				DB00FDF9208D0A0A008D1A57 /* RouterService.swift */,
				DB7BA91A20D9594500968A30 /* RouteHandler.swift */,
			);
			path = Router;
			sourceTree = "<group>";
		};
		DB0C8F3D2058485000E0D860 /* Tests */ = {
			isa = PBXGroup;
			children = (
				DBF49DE0203DE00F00B54652 /* FoundationTests */,
				DBD88A7F20C1B21700085AE0 /* DataTests */,
				DB6ADD6620B33EC0002F226C /* UITests */,
				DBFDF44E20AC84430031EF47 /* ExperiencesTests */,
				DBF31B2220E17176005D7C34 /* DebugTests */,
			);
			path = Tests;
			sourceTree = "<group>";
		};
		DB0C8F3F205849D900E0D860 /* Sources */ = {
			isa = PBXGroup;
			children = (
				DBCBE08E21614A07001C7A96 /* Supporting Files */,
				DBF49DD5203DE00F00B54652 /* Foundation */,
				DBD88A7420C1B21700085AE0 /* Data */,
				DB6ADD5B20B33EC0002F226C /* UI */,
				DBFDF44320AC84430031EF47 /* Experiences */,
				4953DD102239925B00286C4B /* NewRover.swift */,
			);
			path = Sources;
			sourceTree = "<group>";
		};
		DB1D5DBF21079ECB0071928F /* Attributes */ = {
			isa = PBXGroup;
			children = (
				DB1D5DC42107D32C0071928F /* Attributes.swift */,
				DB1D5DC021079ED70071928F /* AttributeKey.swift */,
				DB1D5DC22107C9850071928F /* AttributeValue.swift */,
				DB71C62B2109265F0079EDFF /* AttributeRepresentable.swift */,
				DB71C62F21092C120079EDFF /* Scalar.swift */,
				DB71C62D21092B970079EDFF /* ScalarRepresentable.swift */,
			);
			path = Attributes;
			sourceTree = "<group>";
		};
		DB4831B420DC38C8003DBF1B /* VersionTracker */ = {
			isa = PBXGroup;
			children = (
				DB4831B720DC38F6003DBF1B /* VersionTracker.swift */,
				DB4831B520DC38D8003DBF1B /* VersionTrackerService.swift */,
			);
			path = VersionTracker;
			sourceTree = "<group>";
		};
		DB496E382148543B0026DE6A /* Extensions */ = {
			isa = PBXGroup;
			children = (
				DB6BE8AF215D433B000A1FDA /* Data.OSLog.swift */,
				DB496E392148544B0026DE6A /* Data.URLRequest.swift */,
			);
			path = Extensions;
			sourceTree = "<group>";
		};
		DB496E3C214854AC0026DE6A /* HTTP */ = {
			isa = PBXGroup;
			children = (
				DBC3B42A2148A7D10096C74E /* HTTPClient.swift */,
				DB496E3F214854CF0026DE6A /* HTTPError.swift */,
				DB496E3D214854C50026DE6A /* HTTPResult.swift */,
			);
			path = HTTP;
			sourceTree = "<group>";
		};
		DB6ADD5B20B33EC0002F226C /* UI */ = {
			isa = PBXGroup;
			children = (
				DBFDF4EC20ACA0140031EF47 /* Actions */,
				DB6ADD7D20B3446D002F226C /* Services */,
				DB6ADD7620B33F5D002F226C /* UIAssembler.swift */,
			);
			path = UI;
			sourceTree = "<group>";
		};
		DB6ADD6620B33EC0002F226C /* UITests */ = {
			isa = PBXGroup;
			children = (
				DB6ADD6720B33EC0002F226C /* RoverUITests.swift */,
				DB6ADD6920B33EC0002F226C /* Info.plist */,
			);
			path = UITests;
			sourceTree = "<group>";
		};
		DB6ADD7D20B3446D002F226C /* Services */ = {
			isa = PBXGroup;
			children = (
				DB4831B420DC38C8003DBF1B /* VersionTracker */,
				DB709C67207E7EF200F96C2B /* ImageStore */,
				DBB89B9B20D015F200DD797A /* LifeCycleTracker */,
				DB00FDF6208D099F008D1A57 /* Router */,
				DB6ADD8320B34EE1002F226C /* SessionController */,
			);
			path = Services;
			sourceTree = "<group>";
		};
		DB6ADD8320B34EE1002F226C /* SessionController */ = {
			isa = PBXGroup;
			children = (
				DB6ADD8720B34F81002F226C /* SessionController.swift */,
				DB6ADD7E20B3449E002F226C /* SessionControllerService.swift */,
				DB4831B920DC5D18003DBF1B /* Session.swift */,
			);
			path = SessionController;
			sourceTree = "<group>";
		};
		DB709C67207E7EF200F96C2B /* ImageStore */ = {
			isa = PBXGroup;
			children = (
				DB00FDDB20891153008D1A57 /* ImageConfiguration.swift */,
				DB709C72207EB47400F96C2B /* ImageOptimization.swift */,
				DB709C68207E7EFC00F96C2B /* ImageStore.swift */,
				DB709C6B207EAEED00F96C2B /* ImageStoreService.swift */,
			);
			path = ImageStore;
			sourceTree = "<group>";
		};
		DB7BA91C20D96C8B00968A30 /* RouteHandlers */ = {
			isa = PBXGroup;
			children = (
				DB7BA91D20D96C9900968A30 /* ExperienceRouteHandler.swift */,
			);
			path = RouteHandlers;
			sourceTree = "<group>";
		};
		DB9DBEBA205595F100E5C77F /* Frameworks */ = {
			isa = PBXGroup;
			children = (
			);
			name = Frameworks;
			sourceTree = "<group>";
		};
		DB9DBEE52055964E00E5C77F /* Views */ = {
			isa = PBXGroup;
			children = (
				DB00FDDF208A4961008D1A57 /* BarcodeCell.swift */,
				DB9DBEEE2055964E00E5C77F /* BlockCell.swift */,
				DB9DBEED2055964E00E5C77F /* ButtonCell.swift */,
				DB9DBEE72055964E00E5C77F /* ImageCell.swift */,
				DB9DBEEB2055964E00E5C77F /* RowView.swift */,
				DB9DBEE62055964E00E5C77F /* TextCell.swift */,
				DB9DBEEF2055964E00E5C77F /* WebViewCell.swift */,
			);
			path = Views;
			sourceTree = "<group>";
		};
		DBADA80020A4F37C00225C80 /* Dispatcher */ = {
			isa = PBXGroup;
			children = (
				DBADA7F220A4F32500225C80 /* Action.swift */,
				DBADA7F420A4F32500225C80 /* ActionObserver.swift */,
				DBADA7F520A4F32500225C80 /* BlockObserver.swift */,
				DBADA80120A4F37C00225C80 /* Dispatcher.swift */,
				DBADA80220A4F37C00225C80 /* DispatcherService.swift */,
			);
			path = Dispatcher;
			sourceTree = "<group>";
		};
		DBB89B9B20D015F200DD797A /* LifeCycleTracker */ = {
			isa = PBXGroup;
			children = (
				DBB89B9C20D0160100DD797A /* LifeCycleTracker.swift */,
				DBB89B9F20D01CC500DD797A /* LifeCycleTrackerService.swift */,
			);
			path = LifeCycleTracker;
			sourceTree = "<group>";
		};
		DBCBE08E21614A07001C7A96 /* Supporting Files */ = {
			isa = PBXGroup;
			children = (
				DBB89C4A20D083AF00DD797A /* RoverFoundation.h */,
				DBF49DD7203DE00F00B54652 /* Info.plist */,
			);
			name = "Supporting Files";
			path = Foundation;
			sourceTree = "<group>";
		};
		DBD88A7420C1B21700085AE0 /* Data */ = {
			isa = PBXGroup;
			children = (
				DB496E382148543B0026DE6A /* Extensions */,
				DB496E3C214854AC0026DE6A /* HTTP */,
				DBFDF4B920AC95FD0031EF47 /* Vendor */,
				4953DD0B2239799200286C4B /* EventQueue.swift */,
			);
			path = Data;
			sourceTree = "<group>";
		};
		DBD88A7F20C1B21700085AE0 /* DataTests */ = {
			isa = PBXGroup;
			children = (
				DBD88A8020C1B21700085AE0 /* RoverDataTests.swift */,
				DBD88A8220C1B21700085AE0 /* Info.plist */,
			);
			path = DataTests;
			sourceTree = "<group>";
		};
		DBF31B2220E17176005D7C34 /* DebugTests */ = {
			isa = PBXGroup;
			children = (
				DBF31B2320E17176005D7C34 /* RoverDebugTests.swift */,
				DBF31B2520E17176005D7C34 /* Info.plist */,
			);
			path = DebugTests;
			sourceTree = "<group>";
		};
		DBF31B5420E41A38005D7C34 /* Services */ = {
			isa = PBXGroup;
			children = (
				DBFB1B09209CACAC00E99F9F /* ExperienceStore */,
			);
			path = Services;
			sourceTree = "<group>";
		};
		DBF31B5A20E41C5A005D7C34 /* UI */ = {
			isa = PBXGroup;
			children = (
				DB9DBEE52055964E00E5C77F /* Views */,
				DB9DBEDF2055964E00E5C77F /* ExperienceContainer.swift */,
				DB9DBEDE2055964E00E5C77F /* ExperienceViewController.swift */,
				DB9DBEE02055964E00E5C77F /* ScreenViewController.swift */,
				DB9DBEE32055964E00E5C77F /* ScreenViewLayout.swift */,
				DB00FDD92087E09F008D1A57 /* ScreenViewLayoutAttributes.swift */,
			);
			path = UI;
			sourceTree = "<group>";
		};
		DBF49DC9203DE00F00B54652 = {
			isa = PBXGroup;
			children = (
				DB0C8F3F205849D900E0D860 /* Sources */,
				DB0C8F3D2058485000E0D860 /* Tests */,
				DBF49DD4203DE00F00B54652 /* Products */,
				DB9DBEBA205595F100E5C77F /* Frameworks */,
			);
			sourceTree = "<group>";
		};
		DBF49DD4203DE00F00B54652 /* Products */ = {
			isa = PBXGroup;
			children = (
				DBF49DD3203DE00F00B54652 /* Rover.framework */,
				DBF49DDC203DE00F00B54652 /* RoverTests.xctest */,
			);
			name = Products;
			sourceTree = "<group>";
		};
		DBF49DD5203DE00F00B54652 /* Foundation */ = {
			isa = PBXGroup;
			children = (
				DB1D5DBF21079ECB0071928F /* Attributes */,
				DBFDF52220AE2B0B0031EF47 /* Extensions */,
				DBF49DF7203DE1CF00B54652 /* Container */,
				DBADA80020A4F37C00225C80 /* Dispatcher */,
				DBF49DF3203DE18500B54652 /* FoundationAssembler.swift */,
				DBFB1A79209B8CC500E99F9F /* ID.swift */,
				DBF2584020A107BD00400EA2 /* ObserverSet.swift */,
				DBC3FBF22155375D00372A65 /* PersistedValue.swift */,
			);
			path = Foundation;
			sourceTree = "<group>";
		};
		DBF49DE0203DE00F00B54652 /* FoundationTests */ = {
			isa = PBXGroup;
			children = (
				DBF49DE1203DE00F00B54652 /* RoverFoundationTests.swift */,
				DBF49DE3203DE00F00B54652 /* Info.plist */,
			);
			path = FoundationTests;
			sourceTree = "<group>";
		};
		DBF49DF7203DE1CF00B54652 /* Container */ = {
			isa = PBXGroup;
			children = (
				DBF49DFA203DE1DE00B54652 /* Assembler.swift */,
				DBF49DFC203DE1DE00B54652 /* Container.swift */,
				DBF49DF8203DE1DE00B54652 /* Resolver.swift */,
				DBF49DF2203DE18500B54652 /* Rover.swift */,
				DBF49DFD203DE1DE00B54652 /* ServiceFactory.swift */,
				DBF49DFB203DE1DE00B54652 /* ServiceEntry.swift */,
				DBF49DFF203DE1DE00B54652 /* ServiceScope.swift */,
				DBF49DFE203DE1DE00B54652 /* ServiceKey.swift */,
			);
			path = Container;
			sourceTree = "<group>";
		};
		DBFB1B09209CACAC00E99F9F /* ExperienceStore */ = {
			isa = PBXGroup;
			children = (
				DBC3B42C2148B08D0096C74E /* FetchExperienceClient.swift */,
				DBFB1B0E209CAD9600E99F9F /* ExperienceStore.swift */,
				DBFB1ACB209BB3D200E99F9F /* ExperienceStoreService.swift */,
			);
			path = ExperienceStore;
			sourceTree = "<group>";
		};
		DBFB1B64209CD7E400E99F9F /* Extensions */ = {
			isa = PBXGroup;
			children = (
				DBFB1B66209CD89400E99F9F /* Experiences.Color.swift */,
				DBFB1B68209CD8D600E99F9F /* Experiences.Text.swift */,
				DBFDF48320AC858A0031EF47 /* Experiences.ImageConfiguration.swift */,
				4980D66421307738007267D3 /* Experiences.Barcode.swift */,
			);
			path = Extensions;
			sourceTree = "<group>";
		};
		DBFDF43520AC81CD0031EF47 /* Models */ = {
			isa = PBXGroup;
			children = (
				DBFB1A69209B8CC500E99F9F /* Background.swift */,
				DBFB1A65209B8CC500E99F9F /* Barcode.swift */,
				DBFB1A74209B8CC500E99F9F /* BarcodeBlock.swift */,
				DBFB1A6A209B8CC500E99F9F /* Block.swift */,
				DBFB1A71209B8CC500E99F9F /* Border.swift */,
				DBFB1A67209B8CC500E99F9F /* ButtonBlock.swift */,
				DBFB1A77209B8CC500E99F9F /* Color.swift */,
				DBFB1A66209B8CC500E99F9F /* Experience.swift */,
				DBFB1A73209B8CC500E99F9F /* Height.swift */,
				DBFB1A6B209B8CC500E99F9F /* Image.swift */,
				DBFB1A78209B8CC500E99F9F /* ImageBlock.swift */,
				DBFB1A72209B8CC500E99F9F /* Insets.swift */,
				DBFB1A75209B8CC500E99F9F /* Position.swift */,
				DBFB1A68209B8CC500E99F9F /* RectangleBlock.swift */,
				DBFB1A70209B8CC500E99F9F /* Row.swift */,
				DBFB1A6C209B8CC500E99F9F /* Screen.swift */,
				DBADA83120AA03B900225C80 /* BlockTapBehavior.swift */,
				DBFB1A76209B8CC500E99F9F /* Text.swift */,
				DBFB1A6F209B8CC500E99F9F /* TextBlock.swift */,
				DBFB1A6E209B8CC500E99F9F /* WebView.swift */,
				DBFB1A6D209B8CC500E99F9F /* WebViewBlock.swift */,
			);
			path = Models;
			sourceTree = "<group>";
		};
		DBFDF44320AC84430031EF47 /* Experiences */ = {
			isa = PBXGroup;
			children = (
				DBFB1B64209CD7E400E99F9F /* Extensions */,
				DBFDF43520AC81CD0031EF47 /* Models */,
				DB7BA91C20D96C8B00968A30 /* RouteHandlers */,
				DBF31B5420E41A38005D7C34 /* Services */,
				DBF31B5A20E41C5A005D7C34 /* UI */,
				DBFB1B62209CD46200E99F9F /* ExperiencesAssembler.swift */,
			);
			path = Experiences;
			sourceTree = "<group>";
		};
		DBFDF44E20AC84430031EF47 /* ExperiencesTests */ = {
			isa = PBXGroup;
			children = (
				DBFDF44F20AC84430031EF47 /* RoverExperiencesTests.swift */,
				DBFDF45120AC84430031EF47 /* Info.plist */,
			);
			path = ExperiencesTests;
			sourceTree = "<group>";
		};
		DBFDF4B920AC95FD0031EF47 /* Vendor */ = {
			isa = PBXGroup;
			children = (
				DBF49ECE203DE49500B54652 /* Data+Gzip.swift */,
				DBF49ECF203DE49500B54652 /* Reachability.swift */,
			);
			path = Vendor;
			sourceTree = "<group>";
		};
		DBFDF4EC20ACA0140031EF47 /* Actions */ = {
			isa = PBXGroup;
			children = (
				DBF2585920A36DF400400EA2 /* OpenURLAction.swift */,
				DBF2585D20A37BF300400EA2 /* PresentViewAction.swift */,
			);
			path = Actions;
			sourceTree = "<group>";
		};
		DBFDF52220AE2B0B0031EF47 /* Extensions */ = {
			isa = PBXGroup;
			children = (
				DBFDF52320AE2B1C0031EF47 /* Foundation.DateFormatter.swift */,
				DBCBE087216140F1001C7A96 /* Foundation.JSONDecoder.swift */,
				DBCBE085216140E6001C7A96 /* Foundation.JSONEncoder.swift */,
				DB6BE8AD215D41F7000A1FDA /* Foundation.OSLog.swift */,
			);
			path = Extensions;
			sourceTree = "<group>";
		};
/* End PBXGroup section */

/* Begin PBXHeadersBuildPhase section */
		DBF49DD0203DE00F00B54652 /* Headers */ = {
			isa = PBXHeadersBuildPhase;
			buildActionMask = 2147483647;
			files = (
				DBB89C4C20D084D600DD797A /* RoverFoundation.h in Headers */,
			);
			runOnlyForDeploymentPostprocessing = 0;
		};
/* End PBXHeadersBuildPhase section */

/* Begin PBXNativeTarget section */
		DBF49DD2203DE00F00B54652 /* Rover */ = {
			isa = PBXNativeTarget;
			buildConfigurationList = DBF49DE7203DE00F00B54652 /* Build configuration list for PBXNativeTarget "Rover" */;
			buildPhases = (
				DBF49DCE203DE00F00B54652 /* Sources */,
				DBF49DCF203DE00F00B54652 /* Frameworks */,
				DBF49DD0203DE00F00B54652 /* Headers */,
				DBF49DD1203DE00F00B54652 /* Resources */,
			);
			buildRules = (
			);
			dependencies = (
			);
			name = Rover;
			productName = RoverFoundation;
			productReference = DBF49DD3203DE00F00B54652 /* Rover.framework */;
			productType = "com.apple.product-type.framework";
		};
		DBF49DDB203DE00F00B54652 /* RoverTests */ = {
			isa = PBXNativeTarget;
			buildConfigurationList = DBF49DEA203DE00F00B54652 /* Build configuration list for PBXNativeTarget "RoverTests" */;
			buildPhases = (
				DBF49DD8203DE00F00B54652 /* Sources */,
				DBF49DD9203DE00F00B54652 /* Frameworks */,
				DBF49DDA203DE00F00B54652 /* Resources */,
			);
			buildRules = (
			);
			dependencies = (
				DBF49DDF203DE00F00B54652 /* PBXTargetDependency */,
			);
			name = RoverTests;
			productName = RoverFoundationTests;
			productReference = DBF49DDC203DE00F00B54652 /* RoverTests.xctest */;
			productType = "com.apple.product-type.bundle.unit-test";
		};
/* End PBXNativeTarget section */

/* Begin PBXProject section */
		DBF49DCA203DE00F00B54652 /* Project object */ = {
			isa = PBXProject;
			attributes = {
				LastSwiftUpdateCheck = 1000;
				LastUpgradeCheck = 0930;
				ORGANIZATIONNAME = "Rover Labs Inc.";
				TargetAttributes = {
					DBF49DD2203DE00F00B54652 = {
						CreatedOnToolsVersion = 9.2;
						LastSwiftMigration = 1000;
						ProvisioningStyle = Automatic;
					};
					DBF49DDB203DE00F00B54652 = {
						CreatedOnToolsVersion = 9.2;
						LastSwiftMigration = 1000;
						ProvisioningStyle = Automatic;
					};
				};
			};
			buildConfigurationList = DBF49DCD203DE00F00B54652 /* Build configuration list for PBXProject "Rover" */;
			compatibilityVersion = "Xcode 8.0";
			developmentRegion = en;
			hasScannedForEncodings = 0;
			knownRegions = (
				en,
			);
			mainGroup = DBF49DC9203DE00F00B54652;
			productRefGroup = DBF49DD4203DE00F00B54652 /* Products */;
			projectDirPath = "";
			projectRoot = "";
			targets = (
				DBF49DD2203DE00F00B54652 /* Rover */,
				DBF49DDB203DE00F00B54652 /* RoverTests */,
			);
		};
/* End PBXProject section */

/* Begin PBXResourcesBuildPhase section */
		DBF49DD1203DE00F00B54652 /* Resources */ = {
			isa = PBXResourcesBuildPhase;
			buildActionMask = 2147483647;
			files = (
			);
			runOnlyForDeploymentPostprocessing = 0;
		};
		DBF49DDA203DE00F00B54652 /* Resources */ = {
			isa = PBXResourcesBuildPhase;
			buildActionMask = 2147483647;
			files = (
			);
			runOnlyForDeploymentPostprocessing = 0;
		};
/* End PBXResourcesBuildPhase section */

/* Begin PBXSourcesBuildPhase section */
		DBF49DCE203DE00F00B54652 /* Sources */ = {
			isa = PBXSourcesBuildPhase;
			buildActionMask = 2147483647;
			files = (
				4953DD4622399A9100286C4B /* FetchExperienceClient.swift in Sources */,
				DBADA7FC20A4F32500225C80 /* ActionObserver.swift in Sources */,
				4953DD3422399A8500286C4B /* Border.swift in Sources */,
				DBF49E02203DE1DE00B54652 /* Assembler.swift in Sources */,
				4953DD5022399A9C00286C4B /* ExperienceContainer.swift in Sources */,
				DBADA7FB20A4F32500225C80 /* Action.swift in Sources */,
				4953DD3222399A8500286C4B /* BarcodeBlock.swift in Sources */,
				4953DD4722399A9100286C4B /* ExperienceStore.swift in Sources */,
				4953DD5422399A9C00286C4B /* ScreenViewLayoutAttributes.swift in Sources */,
				4953DD4122399A8500286C4B /* Text.swift in Sources */,
				4953DD2C22399A7F00286C4B /* Experiences.Color.swift in Sources */,
				4953DD3D22399A8500286C4B /* RectangleBlock.swift in Sources */,
				4953DD5122399A9C00286C4B /* ExperienceViewController.swift in Sources */,
				4953DD2722399A7100286C4B /* RouteHandler.swift in Sources */,
				4953DD3A22399A8500286C4B /* ImageBlock.swift in Sources */,
				DBFB1AF3209CA82800E99F9F /* ID.swift in Sources */,
				4953DD2922399A7600286C4B /* SessionControllerService.swift in Sources */,
				4953DD3122399A8500286C4B /* Barcode.swift in Sources */,
				4953DD4E22399A9700286C4B /* TextCell.swift in Sources */,
				4953DD4922399A9700286C4B /* BarcodeCell.swift in Sources */,
				4953DD2222399A6900286C4B /* ImageStoreService.swift in Sources */,
				4953DD4322399A8500286C4B /* WebView.swift in Sources */,
				4953DD4D22399A9700286C4B /* RowView.swift in Sources */,
				4953DD4A22399A9700286C4B /* BlockCell.swift in Sources */,
				4953DD2822399A7600286C4B /* SessionController.swift in Sources */,
				4953DD4222399A8500286C4B /* TextBlock.swift in Sources */,
				4953DD1422399A4D00286C4B /* HTTPClient.swift in Sources */,
				4953DD4F22399A9700286C4B /* WebViewCell.swift in Sources */,
				4953DD1722399A5000286C4B /* Data+Gzip.swift in Sources */,
				DBC3FBF32155375D00372A65 /* PersistedValue.swift in Sources */,
				DBF49E05203DE1DE00B54652 /* ServiceFactory.swift in Sources */,
				4953DD1D22399A6600286C4B /* VersionTracker.swift in Sources */,
				4953DD5322399A9C00286C4B /* ScreenViewLayout.swift in Sources */,
				4953DD5222399A9C00286C4B /* ScreenViewController.swift in Sources */,
				4953DD2322399A6D00286C4B /* LifeCycleTracker.swift in Sources */,
				4953DD3522399A8500286C4B /* ButtonBlock.swift in Sources */,
				4953DD1322399A4800286C4B /* Data.URLRequest.swift in Sources */,
				4953DD2122399A6900286C4B /* ImageStore.swift in Sources */,
				4953DD1222399A4400286C4B /* Data.OSLog.swift in Sources */,
				4953DD3022399A8500286C4B /* Background.swift in Sources */,
				DB71C63021092C120079EDFF /* Scalar.swift in Sources */,
				DBF2584120A107BD00400EA2 /* ObserverSet.swift in Sources */,
				DBF49E06203DE1DE00B54652 /* ServiceKey.swift in Sources */,
				DB6BE8AE215D41F7000A1FDA /* Foundation.OSLog.swift in Sources */,
				4953DD2D22399A7F00286C4B /* Experiences.Text.swift in Sources */,
				4953DD5522399A9C00286C4B /* ExperiencesAssembler.swift in Sources */,
				DBF49E03203DE1DE00B54652 /* ServiceEntry.swift in Sources */,
				4953DD3C22399A8500286C4B /* Position.swift in Sources */,
				DBADA80320A4F37C00225C80 /* Dispatcher.swift in Sources */,
				4953DD2022399A6900286C4B /* ImageOptimization.swift in Sources */,
				4953DD1F22399A6900286C4B /* ImageConfiguration.swift in Sources */,
				DB1D5DC121079ED70071928F /* AttributeKey.swift in Sources */,
				4953DD4C22399A9700286C4B /* ImageCell.swift in Sources */,
				4953DD3F22399A8500286C4B /* Screen.swift in Sources */,
				4953DD112239925B00286C4B /* NewRover.swift in Sources */,
				4953DD2A22399A7600286C4B /* Session.swift in Sources */,
				DBFDF52420AE2B1C0031EF47 /* Foundation.DateFormatter.swift in Sources */,
				DBADA7FD20A4F32500225C80 /* BlockObserver.swift in Sources */,
				DBF49E00203DE1DE00B54652 /* Resolver.swift in Sources */,
				4953DD1E22399A6600286C4B /* VersionTrackerService.swift in Sources */,
				4953DD1C22399A5B00286C4B /* PresentViewAction.swift in Sources */,
				4953DD4022399A8500286C4B /* BlockTapBehavior.swift in Sources */,
				4953DD1522399A4D00286C4B /* HTTPError.swift in Sources */,
				DBF49E04203DE1DE00B54652 /* Container.swift in Sources */,
				4953DD4422399A8500286C4B /* WebViewBlock.swift in Sources */,
				4953DD3622399A8500286C4B /* Color.swift in Sources */,
				4953DD3B22399A8500286C4B /* Insets.swift in Sources */,
				DB71C62E21092B970079EDFF /* ScalarRepresentable.swift in Sources */,
				4953DD3922399A8500286C4B /* Image.swift in Sources */,
				4953DD3722399A8500286C4B /* Experience.swift in Sources */,
				4953DD4B22399A9700286C4B /* ButtonCell.swift in Sources */,
				4953DD1B22399A5B00286C4B /* OpenURLAction.swift in Sources */,
				4953DD3E22399A8500286C4B /* Row.swift in Sources */,
				DB1D5DC52107D32C0071928F /* Attributes.swift in Sources */,
				4953DD2622399A7100286C4B /* RouterService.swift in Sources */,
				DB71C62C2109265F0079EDFF /* AttributeRepresentable.swift in Sources */,
				4953DD1A22399A5400286C4B /* EventQueue.swift in Sources */,
				4953DD3322399A8500286C4B /* Block.swift in Sources */,
				DBCBE086216140E6001C7A96 /* Foundation.JSONEncoder.swift in Sources */,
				4953DD2422399A6D00286C4B /* LifeCycleTrackerService.swift in Sources */,
				DBCBE088216140F1001C7A96 /* Foundation.JSONDecoder.swift in Sources */,
				4953DD2522399A7100286C4B /* Router.swift in Sources */,
				4953DD1822399A5000286C4B /* Reachability.swift in Sources */,
				DBB89BE820D0415600DD797A /* Rover.swift in Sources */,
				DBF49DF6203DE18500B54652 /* FoundationAssembler.swift in Sources */,
				DBF49E07203DE1DE00B54652 /* ServiceScope.swift in Sources */,
				4953DD2B22399A7900286C4B /* UIAssembler.swift in Sources */,
				4953DD3822399A8500286C4B /* Height.swift in Sources */,
				4953DD4822399A9100286C4B /* ExperienceStoreService.swift in Sources */,
				4953DD2E22399A7F00286C4B /* Experiences.ImageConfiguration.swift in Sources */,
				4953DD1622399A4D00286C4B /* HTTPResult.swift in Sources */,
				4953DD4522399A8900286C4B /* ExperienceRouteHandler.swift in Sources */,
				DB1D5DC32107C9850071928F /* AttributeValue.swift in Sources */,
				DBADA80420A4F37C00225C80 /* DispatcherService.swift in Sources */,
				4953DD2F22399A7F00286C4B /* Experiences.Barcode.swift in Sources */,
			);
			runOnlyForDeploymentPostprocessing = 0;
		};
		DBF49DD8203DE00F00B54652 /* Sources */ = {
			isa = PBXSourcesBuildPhase;
			buildActionMask = 2147483647;
			files = (
				DBF49DE2203DE00F00B54652 /* RoverFoundationTests.swift in Sources */,
			);
			runOnlyForDeploymentPostprocessing = 0;
		};
/* End PBXSourcesBuildPhase section */

/* Begin PBXTargetDependency section */
		DBF49DDF203DE00F00B54652 /* PBXTargetDependency */ = {
			isa = PBXTargetDependency;
			target = DBF49DD2203DE00F00B54652 /* Rover */;
			targetProxy = DBF49DDE203DE00F00B54652 /* PBXContainerItemProxy */;
		};
/* End PBXTargetDependency section */

/* Begin XCBuildConfiguration section */
		DBF49DE5203DE00F00B54652 /* Debug */ = {
			isa = XCBuildConfiguration;
			buildSettings = {
				ALWAYS_SEARCH_USER_PATHS = NO;
				CLANG_ANALYZER_NONNULL = YES;
				CLANG_ANALYZER_NUMBER_OBJECT_CONVERSION = YES_AGGRESSIVE;
				CLANG_CXX_LANGUAGE_STANDARD = "gnu++14";
				CLANG_CXX_LIBRARY = "libc++";
				CLANG_ENABLE_MODULES = YES;
				CLANG_ENABLE_OBJC_ARC = YES;
				CLANG_WARN_BLOCK_CAPTURE_AUTORELEASING = YES;
				CLANG_WARN_BOOL_CONVERSION = YES;
				CLANG_WARN_COMMA = YES;
				CLANG_WARN_CONSTANT_CONVERSION = YES;
				CLANG_WARN_DEPRECATED_OBJC_IMPLEMENTATIONS = YES;
				CLANG_WARN_DIRECT_OBJC_ISA_USAGE = YES_ERROR;
				CLANG_WARN_DOCUMENTATION_COMMENTS = YES;
				CLANG_WARN_EMPTY_BODY = YES;
				CLANG_WARN_ENUM_CONVERSION = YES;
				CLANG_WARN_INFINITE_RECURSION = YES;
				CLANG_WARN_INT_CONVERSION = YES;
				CLANG_WARN_NON_LITERAL_NULL_CONVERSION = YES;
				CLANG_WARN_OBJC_IMPLICIT_RETAIN_SELF = YES;
				CLANG_WARN_OBJC_LITERAL_CONVERSION = YES;
				CLANG_WARN_OBJC_ROOT_CLASS = YES_ERROR;
				CLANG_WARN_RANGE_LOOP_ANALYSIS = YES;
				CLANG_WARN_STRICT_PROTOTYPES = YES;
				CLANG_WARN_SUSPICIOUS_MOVE = YES;
				CLANG_WARN_UNGUARDED_AVAILABILITY = YES_AGGRESSIVE;
				CLANG_WARN_UNREACHABLE_CODE = YES;
				CLANG_WARN__DUPLICATE_METHOD_MATCH = YES;
				CODE_SIGN_IDENTITY = "iPhone Developer";
				COPY_PHASE_STRIP = NO;
				CURRENT_PROJECT_VERSION = 1;
				DEBUG_INFORMATION_FORMAT = dwarf;
				ENABLE_STRICT_OBJC_MSGSEND = YES;
				ENABLE_TESTABILITY = YES;
				GCC_C_LANGUAGE_STANDARD = gnu11;
				GCC_DYNAMIC_NO_PIC = NO;
				GCC_NO_COMMON_BLOCKS = YES;
				GCC_OPTIMIZATION_LEVEL = 0;
				GCC_PREPROCESSOR_DEFINITIONS = (
					"DEBUG=1",
					"$(inherited)",
				);
				GCC_WARN_64_TO_32_BIT_CONVERSION = YES;
				GCC_WARN_ABOUT_RETURN_TYPE = YES_ERROR;
				GCC_WARN_UNDECLARED_SELECTOR = YES;
				GCC_WARN_UNINITIALIZED_AUTOS = YES_AGGRESSIVE;
				GCC_WARN_UNUSED_FUNCTION = YES;
				GCC_WARN_UNUSED_VARIABLE = YES;
				IPHONEOS_DEPLOYMENT_TARGET = 10.0;
				MTL_ENABLE_DEBUG_INFO = YES;
				ONLY_ACTIVE_ARCH = YES;
				SDKROOT = iphoneos;
				SWIFT_ACTIVE_COMPILATION_CONDITIONS = DEBUG;
				SWIFT_OPTIMIZATION_LEVEL = "-Onone";
				VERSIONING_SYSTEM = "apple-generic";
				VERSION_INFO_PREFIX = "";
			};
			name = Debug;
		};
		DBF49DE6203DE00F00B54652 /* Release */ = {
			isa = XCBuildConfiguration;
			buildSettings = {
				ALWAYS_SEARCH_USER_PATHS = NO;
				CLANG_ANALYZER_NONNULL = YES;
				CLANG_ANALYZER_NUMBER_OBJECT_CONVERSION = YES_AGGRESSIVE;
				CLANG_CXX_LANGUAGE_STANDARD = "gnu++14";
				CLANG_CXX_LIBRARY = "libc++";
				CLANG_ENABLE_MODULES = YES;
				CLANG_ENABLE_OBJC_ARC = YES;
				CLANG_WARN_BLOCK_CAPTURE_AUTORELEASING = YES;
				CLANG_WARN_BOOL_CONVERSION = YES;
				CLANG_WARN_COMMA = YES;
				CLANG_WARN_CONSTANT_CONVERSION = YES;
				CLANG_WARN_DEPRECATED_OBJC_IMPLEMENTATIONS = YES;
				CLANG_WARN_DIRECT_OBJC_ISA_USAGE = YES_ERROR;
				CLANG_WARN_DOCUMENTATION_COMMENTS = YES;
				CLANG_WARN_EMPTY_BODY = YES;
				CLANG_WARN_ENUM_CONVERSION = YES;
				CLANG_WARN_INFINITE_RECURSION = YES;
				CLANG_WARN_INT_CONVERSION = YES;
				CLANG_WARN_NON_LITERAL_NULL_CONVERSION = YES;
				CLANG_WARN_OBJC_IMPLICIT_RETAIN_SELF = YES;
				CLANG_WARN_OBJC_LITERAL_CONVERSION = YES;
				CLANG_WARN_OBJC_ROOT_CLASS = YES_ERROR;
				CLANG_WARN_RANGE_LOOP_ANALYSIS = YES;
				CLANG_WARN_STRICT_PROTOTYPES = YES;
				CLANG_WARN_SUSPICIOUS_MOVE = YES;
				CLANG_WARN_UNGUARDED_AVAILABILITY = YES_AGGRESSIVE;
				CLANG_WARN_UNREACHABLE_CODE = YES;
				CLANG_WARN__DUPLICATE_METHOD_MATCH = YES;
				CODE_SIGN_IDENTITY = "iPhone Developer";
				COPY_PHASE_STRIP = NO;
				CURRENT_PROJECT_VERSION = 1;
				DEBUG_INFORMATION_FORMAT = "dwarf-with-dsym";
				ENABLE_NS_ASSERTIONS = NO;
				ENABLE_STRICT_OBJC_MSGSEND = YES;
				GCC_C_LANGUAGE_STANDARD = gnu11;
				GCC_NO_COMMON_BLOCKS = YES;
				GCC_WARN_64_TO_32_BIT_CONVERSION = YES;
				GCC_WARN_ABOUT_RETURN_TYPE = YES_ERROR;
				GCC_WARN_UNDECLARED_SELECTOR = YES;
				GCC_WARN_UNINITIALIZED_AUTOS = YES_AGGRESSIVE;
				GCC_WARN_UNUSED_FUNCTION = YES;
				GCC_WARN_UNUSED_VARIABLE = YES;
				IPHONEOS_DEPLOYMENT_TARGET = 10.0;
				MTL_ENABLE_DEBUG_INFO = NO;
				SDKROOT = iphoneos;
				SWIFT_OPTIMIZATION_LEVEL = "-Owholemodule";
				VALIDATE_PRODUCT = YES;
				VERSIONING_SYSTEM = "apple-generic";
				VERSION_INFO_PREFIX = "";
			};
			name = Release;
		};
		DBF49DE8203DE00F00B54652 /* Debug */ = {
			isa = XCBuildConfiguration;
			buildSettings = {
				APPLICATION_EXTENSION_API_ONLY = NO;
				CLANG_ENABLE_MODULES = YES;
				CODE_SIGN_IDENTITY = "";
				CODE_SIGN_STYLE = Automatic;
				DEFINES_MODULE = YES;
				DEVELOPMENT_TEAM = WDEZX8QD47;
				DYLIB_COMPATIBILITY_VERSION = 1;
				DYLIB_CURRENT_VERSION = 1;
				DYLIB_INSTALL_NAME_BASE = "@rpath";
				INFOPLIST_FILE = Sources/Foundation/Info.plist;
				INSTALL_PATH = "$(LOCAL_LIBRARY_DIR)/Frameworks";
				IPHONEOS_DEPLOYMENT_TARGET = 10.0;
				LD_RUNPATH_SEARCH_PATHS = "$(inherited) @executable_path/Frameworks @loader_path/Frameworks";
				PRODUCT_BUNDLE_IDENTIFIER = io.rover.RoverFoundation;
				PRODUCT_NAME = "$(TARGET_NAME:c99extidentifier)";
				SKIP_INSTALL = YES;
				SWIFT_OPTIMIZATION_LEVEL = "-Onone";
				SWIFT_VERSION = 4.2;
				TARGETED_DEVICE_FAMILY = "1,2";
			};
			name = Debug;
		};
		DBF49DE9203DE00F00B54652 /* Release */ = {
			isa = XCBuildConfiguration;
			buildSettings = {
				APPLICATION_EXTENSION_API_ONLY = NO;
				CLANG_ENABLE_MODULES = YES;
				CODE_SIGN_IDENTITY = "";
				CODE_SIGN_STYLE = Automatic;
				DEFINES_MODULE = YES;
				DEVELOPMENT_TEAM = WDEZX8QD47;
				DYLIB_COMPATIBILITY_VERSION = 1;
				DYLIB_CURRENT_VERSION = 1;
				DYLIB_INSTALL_NAME_BASE = "@rpath";
				INFOPLIST_FILE = Sources/Foundation/Info.plist;
				INSTALL_PATH = "$(LOCAL_LIBRARY_DIR)/Frameworks";
				IPHONEOS_DEPLOYMENT_TARGET = 10.0;
				LD_RUNPATH_SEARCH_PATHS = "$(inherited) @executable_path/Frameworks @loader_path/Frameworks";
				PRODUCT_BUNDLE_IDENTIFIER = io.rover.RoverFoundation;
				PRODUCT_NAME = "$(TARGET_NAME:c99extidentifier)";
				SKIP_INSTALL = YES;
				SWIFT_VERSION = 4.2;
				TARGETED_DEVICE_FAMILY = "1,2";
			};
			name = Release;
		};
		DBF49DEB203DE00F00B54652 /* Debug */ = {
			isa = XCBuildConfiguration;
			buildSettings = {
				ALWAYS_EMBED_SWIFT_STANDARD_LIBRARIES = YES;
				CODE_SIGN_STYLE = Automatic;
				DEVELOPMENT_TEAM = WDEZX8QD47;
				INFOPLIST_FILE = Tests/FoundationTests/Info.plist;
				LD_RUNPATH_SEARCH_PATHS = "$(inherited) @executable_path/Frameworks @loader_path/Frameworks";
				PRODUCT_BUNDLE_IDENTIFIER = io.rover.RoverFoundationTests;
				PRODUCT_NAME = "$(TARGET_NAME)";
				SWIFT_VERSION = 4.2;
				TARGETED_DEVICE_FAMILY = "1,2";
			};
			name = Debug;
		};
		DBF49DEC203DE00F00B54652 /* Release */ = {
			isa = XCBuildConfiguration;
			buildSettings = {
				ALWAYS_EMBED_SWIFT_STANDARD_LIBRARIES = YES;
				CODE_SIGN_STYLE = Automatic;
				DEVELOPMENT_TEAM = WDEZX8QD47;
				INFOPLIST_FILE = Tests/FoundationTests/Info.plist;
				LD_RUNPATH_SEARCH_PATHS = "$(inherited) @executable_path/Frameworks @loader_path/Frameworks";
				PRODUCT_BUNDLE_IDENTIFIER = io.rover.RoverFoundationTests;
				PRODUCT_NAME = "$(TARGET_NAME)";
				SWIFT_VERSION = 4.2;
				TARGETED_DEVICE_FAMILY = "1,2";
			};
			name = Release;
		};
/* End XCBuildConfiguration section */

/* Begin XCConfigurationList section */
		DBF49DCD203DE00F00B54652 /* Build configuration list for PBXProject "Rover" */ = {
			isa = XCConfigurationList;
			buildConfigurations = (
				DBF49DE5203DE00F00B54652 /* Debug */,
				DBF49DE6203DE00F00B54652 /* Release */,
			);
			defaultConfigurationIsVisible = 0;
			defaultConfigurationName = Release;
		};
		DBF49DE7203DE00F00B54652 /* Build configuration list for PBXNativeTarget "Rover" */ = {
			isa = XCConfigurationList;
			buildConfigurations = (
				DBF49DE8203DE00F00B54652 /* Debug */,
				DBF49DE9203DE00F00B54652 /* Release */,
			);
			defaultConfigurationIsVisible = 0;
			defaultConfigurationName = Release;
		};
		DBF49DEA203DE00F00B54652 /* Build configuration list for PBXNativeTarget "RoverTests" */ = {
			isa = XCConfigurationList;
			buildConfigurations = (
				DBF49DEB203DE00F00B54652 /* Debug */,
				DBF49DEC203DE00F00B54652 /* Release */,
			);
			defaultConfigurationIsVisible = 0;
			defaultConfigurationName = Release;
		};
/* End XCConfigurationList section */
	};
	rootObject = DBF49DCA203DE00F00B54652 /* Project object */;
}
