// !$*UTF8*$!
{
	archiveVersion = 1;
	classes = {
	};
	objectVersion = 77;
	objects = {

/* Begin PBXBuildFile section */
		80481AD82F2286EA00639658 /* RoverNBALiveActivities in Frameworks */ = {isa = PBXBuildFile; productRef = 80481AD72F2286EA00639658 /* RoverNBALiveActivities */; };
		80481ADA2F2286EA00639658 /* RoverNFLLiveActivities in Frameworks */ = {isa = PBXBuildFile; productRef = 80481AD92F2286EA00639658 /* RoverNFLLiveActivities */; };
		80481ADC2F2286EA00639658 /* RoverNHLLiveActivities in Frameworks */ = {isa = PBXBuildFile; productRef = 80481ADB2F2286EA00639658 /* RoverNHLLiveActivities */; };
		80481AE32F22871400639658 /* WidgetKit.framework in Frameworks */ = {isa = PBXBuildFile; fileRef = 80481AE22F22871400639658 /* WidgetKit.framework */; };
		80481AE52F22871400639658 /* SwiftUI.framework in Frameworks */ = {isa = PBXBuildFile; fileRef = 80481AE42F22871400639658 /* SwiftUI.framework */; };
		80481AF02F22871500639658 /* GameWidgetExtension.appex in Embed Foundation Extensions */ = {isa = PBXBuildFile; fileRef = 80481AE12F22871400639658 /* GameWidgetExtension.appex */; settings = {ATTRIBUTES = (RemoveHeadersOnCopy, ); }; };
		80481AF72F22872600639658 /* RoverNBALiveActivities in Frameworks */ = {isa = PBXBuildFile; productRef = 80481AF62F22872600639658 /* RoverNBALiveActivities */; };
		80481AF92F22872600639658 /* RoverNFLLiveActivities in Frameworks */ = {isa = PBXBuildFile; productRef = 80481AF82F22872600639658 /* RoverNFLLiveActivities */; };
		80481AFB2F22872600639658 /* RoverNHLLiveActivities in Frameworks */ = {isa = PBXBuildFile; productRef = 80481AFA2F22872600639658 /* RoverNHLLiveActivities */; };
/* End PBXBuildFile section */

/* Begin PBXContainerItemProxy section */
		80481AEE2F22871500639658 /* PBXContainerItemProxy */ = {
			isa = PBXContainerItemProxy;
			containerPortal = 80481AB32F22864500639658 /* Project object */;
			proxyType = 1;
			remoteGlobalIDString = 80481AE02F22871400639658;
			remoteInfo = GameWidgetExtension;
		};
/* End PBXContainerItemProxy section */

/* Begin PBXCopyFilesBuildPhase section */
		80481AF52F22871500639658 /* Embed Foundation Extensions */ = {
			isa = PBXCopyFilesBuildPhase;
			buildActionMask = 2147483647;
			dstPath = "";
			dstSubfolderSpec = 13;
			files = (
				80481AF02F22871500639658 /* GameWidgetExtension.appex in Embed Foundation Extensions */,
			);
			name = "Embed Foundation Extensions";
			runOnlyForDeploymentPostprocessing = 0;
		};
/* End PBXCopyFilesBuildPhase section */

/* Begin PBXFileReference section */
		80481ABB2F22864500639658 /* LiveActivityPreviews.app */ = {isa = PBXFileReference; explicitFileType = wrapper.application; includeInIndex = 0; path = LiveActivityPreviews.app; sourceTree = BUILT_PRODUCTS_DIR; };
		80481AC92F22864F00639658 /* rover-ios-develop */ = {isa = PBXFileReference; lastKnownFileType = wrapper; name = "rover-ios-develop"; path = ..; sourceTree = SOURCE_ROOT; };
		80481AE12F22871400639658 /* GameWidgetExtension.appex */ = {isa = PBXFileReference; explicitFileType = "wrapper.app-extension"; includeInIndex = 0; path = GameWidgetExtension.appex; sourceTree = BUILT_PRODUCTS_DIR; };
		80481AE22F22871400639658 /* WidgetKit.framework */ = {isa = PBXFileReference; lastKnownFileType = wrapper.framework; name = WidgetKit.framework; path = System/Library/Frameworks/WidgetKit.framework; sourceTree = SDKROOT; };
		80481AE42F22871400639658 /* SwiftUI.framework */ = {isa = PBXFileReference; lastKnownFileType = wrapper.framework; name = SwiftUI.framework; path = System/Library/Frameworks/SwiftUI.framework; sourceTree = SDKROOT; };
/* End PBXFileReference section */

/* Begin PBXFileSystemSynchronizedBuildFileExceptionSet section */
		80481AF12F22871500639658 /* Exceptions for "GameWidget" folder in "GameWidgetExtension" target */ = {
			isa = PBXFileSystemSynchronizedBuildFileExceptionSet;
			membershipExceptions = (
				Info.plist,
			);
			target = 80481AE02F22871400639658 /* GameWidgetExtension */;
		};
/* End PBXFileSystemSynchronizedBuildFileExceptionSet section */

/* Begin PBXFileSystemSynchronizedRootGroup section */
		80481ABD2F22864500639658 /* LiveActivityPreviews */ = {
			isa = PBXFileSystemSynchronizedRootGroup;
			path = LiveActivityPreviews;
			sourceTree = "<group>";
		};
		80481AE62F22871400639658 /* GameWidget */ = {
			isa = PBXFileSystemSynchronizedRootGroup;
			exceptions = (
				80481AF12F22871500639658 /* Exceptions for "GameWidget" folder in "GameWidgetExtension" target */,
			);
			path = GameWidget;
			sourceTree = "<group>";
		};
/* End PBXFileSystemSynchronizedRootGroup section */

/* Begin PBXFrameworksBuildPhase section */
		80481AB82F22864500639658 /* Frameworks */ = {
			isa = PBXFrameworksBuildPhase;
			buildActionMask = 2147483647;
			files = (
				80481ADC2F2286EA00639658 /* RoverNHLLiveActivities in Frameworks */,
				80481AD82F2286EA00639658 /* RoverNBALiveActivities in Frameworks */,
				80481ADA2F2286EA00639658 /* RoverNFLLiveActivities in Frameworks */,
			);
			runOnlyForDeploymentPostprocessing = 0;
		};
		80481ADE2F22871400639658 /* Frameworks */ = {
			isa = PBXFrameworksBuildPhase;
			buildActionMask = 2147483647;
			files = (
				80481AF72F22872600639658 /* RoverNBALiveActivities in Frameworks */,
				80481AF92F22872600639658 /* RoverNFLLiveActivities in Frameworks */,
				80481AE52F22871400639658 /* SwiftUI.framework in Frameworks */,
				80481AFB2F22872600639658 /* RoverNHLLiveActivities in Frameworks */,
				80481AE32F22871400639658 /* WidgetKit.framework in Frameworks */,
			);
			runOnlyForDeploymentPostprocessing = 0;
		};
/* End PBXFrameworksBuildPhase section */

/* Begin PBXGroup section */
		80481AB22F22864500639658 = {
			isa = PBXGroup;
			children = (
				80481AC92F22864F00639658 /* rover-ios-develop */,
				80481ABD2F22864500639658 /* LiveActivityPreviews */,
				80481AE62F22871400639658 /* GameWidget */,
				80481AD62F2286EA00639658 /* Frameworks */,
				80481ABC2F22864500639658 /* Products */,
			);
			sourceTree = "<group>";
		};
		80481ABC2F22864500639658 /* Products */ = {
			isa = PBXGroup;
			children = (
				80481ABB2F22864500639658 /* LiveActivityPreviews.app */,
				80481AE12F22871400639658 /* GameWidgetExtension.appex */,
			);
			name = Products;
			sourceTree = "<group>";
		};
		80481AD62F2286EA00639658 /* Frameworks */ = {
			isa = PBXGroup;
			children = (
				80481AE22F22871400639658 /* WidgetKit.framework */,
				80481AE42F22871400639658 /* SwiftUI.framework */,
			);
			name = Frameworks;
			sourceTree = "<group>";
		};
/* End PBXGroup section */

/* Begin PBXNativeTarget section */
		80481ABA2F22864500639658 /* LiveActivityPreviews */ = {
			isa = PBXNativeTarget;
			buildConfigurationList = 80481AC62F22864600639658 /* Build configuration list for PBXNativeTarget "LiveActivityPreviews" */;
			buildPhases = (
				80481AB72F22864500639658 /* Sources */,
				80481AB82F22864500639658 /* Frameworks */,
				80481AB92F22864500639658 /* Resources */,
				80481AF52F22871500639658 /* Embed Foundation Extensions */,
			);
			buildRules = (
			);
			dependencies = (
				80481AEF2F22871500639658 /* PBXTargetDependency */,
			);
			fileSystemSynchronizedGroups = (
				80481ABD2F22864500639658 /* LiveActivityPreviews */,
			);
			name = LiveActivityPreviews;
			packageProductDependencies = (
				80481AD72F2286EA00639658 /* RoverNBALiveActivities */,
				80481AD92F2286EA00639658 /* RoverNFLLiveActivities */,
				80481ADB2F2286EA00639658 /* RoverNHLLiveActivities */,
			);
			productName = LiveActivityPreviews;
			productReference = 80481ABB2F22864500639658 /* LiveActivityPreviews.app */;
			productType = "com.apple.product-type.application";
		};
		80481AE02F22871400639658 /* GameWidgetExtension */ = {
			isa = PBXNativeTarget;
			buildConfigurationList = 80481AF22F22871500639658 /* Build configuration list for PBXNativeTarget "GameWidgetExtension" */;
			buildPhases = (
				80481ADD2F22871400639658 /* Sources */,
				80481ADE2F22871400639658 /* Frameworks */,
				80481ADF2F22871400639658 /* Resources */,
			);
			buildRules = (
			);
			dependencies = (
			);
			fileSystemSynchronizedGroups = (
				80481AE62F22871400639658 /* GameWidget */,
			);
			name = GameWidgetExtension;
			packageProductDependencies = (
				80481AF62F22872600639658 /* RoverNBALiveActivities */,
				80481AF82F22872600639658 /* RoverNFLLiveActivities */,
				80481AFA2F22872600639658 /* RoverNHLLiveActivities */,
			);
			productName = GameWidgetExtension;
			productReference = 80481AE12F22871400639658 /* GameWidgetExtension.appex */;
			productType = "com.apple.product-type.app-extension";
		};
/* End PBXNativeTarget section */

/* Begin PBXProject section */
		80481AB32F22864500639658 /* Project object */ = {
			isa = PBXProject;
			attributes = {
				BuildIndependentTargetsInParallel = 1;
				LastSwiftUpdateCheck = 2620;
				LastUpgradeCheck = 2620;
				TargetAttributes = {
					80481ABA2F22864500639658 = {
						CreatedOnToolsVersion = 26.2;
					};
					80481AE02F22871400639658 = {
						CreatedOnToolsVersion = 26.2;
					};
				};
			};
			buildConfigurationList = 80481AB62F22864500639658 /* Build configuration list for PBXProject "LiveActivityPreviews" */;
			developmentRegion = en;
			hasScannedForEncodings = 0;
			knownRegions = (
				en,
				Base,
			);
			mainGroup = 80481AB22F22864500639658;
			minimizedProjectReferenceProxies = 1;
			preferredProjectObjectVersion = 77;
			productRefGroup = 80481ABC2F22864500639658 /* Products */;
			projectDirPath = "";
			projectRoot = "";
			targets = (
				80481ABA2F22864500639658 /* LiveActivityPreviews */,
				80481AE02F22871400639658 /* GameWidgetExtension */,
			);
		};
/* End PBXProject section */

/* Begin PBXResourcesBuildPhase section */
		80481AB92F22864500639658 /* Resources */ = {
			isa = PBXResourcesBuildPhase;
			buildActionMask = 2147483647;
			files = (
			);
			runOnlyForDeploymentPostprocessing = 0;
		};
		80481ADF2F22871400639658 /* Resources */ = {
			isa = PBXResourcesBuildPhase;
			buildActionMask = 2147483647;
			files = (
			);
			runOnlyForDeploymentPostprocessing = 0;
		};
/* End PBXResourcesBuildPhase section */

/* Begin PBXSourcesBuildPhase section */
		80481AB72F22864500639658 /* Sources */ = {
			isa = PBXSourcesBuildPhase;
			buildActionMask = 2147483647;
			files = (
			);
			runOnlyForDeploymentPostprocessing = 0;
		};
		80481ADD2F22871400639658 /* Sources */ = {
			isa = PBXSourcesBuildPhase;
			buildActionMask = 2147483647;
			files = (
			);
			runOnlyForDeploymentPostprocessing = 0;
		};
/* End PBXSourcesBuildPhase section */

/* Begin PBXTargetDependency section */
		80481AEF2F22871500639658 /* PBXTargetDependency */ = {
			isa = PBXTargetDependency;
			target = 80481AE02F22871400639658 /* GameWidgetExtension */;
			targetProxy = 80481AEE2F22871500639658 /* PBXContainerItemProxy */;
		};
/* End PBXTargetDependency section */

/* Begin XCBuildConfiguration section */
		80481AC42F22864600639658 /* Debug */ = {
			isa = XCBuildConfiguration;
			buildSettings = {
				ALWAYS_SEARCH_USER_PATHS = NO;
				ASSETCATALOG_COMPILER_GENERATE_SWIFT_ASSET_SYMBOL_EXTENSIONS = YES;
				CLANG_ANALYZER_NONNULL = YES;
				CLANG_ANALYZER_NUMBER_OBJECT_CONVERSION = YES_AGGRESSIVE;
				CLANG_CXX_LANGUAGE_STANDARD = "gnu++20";
				CLANG_ENABLE_MODULES = YES;
				CLANG_ENABLE_OBJC_ARC = YES;
				CLANG_ENABLE_OBJC_WEAK = YES;
				CLANG_WARN_BLOCK_CAPTURE_AUTORELEASING = YES;
				CLANG_WARN_BOOL_CONVERSION = YES;
				CLANG_WARN_COMMA = YES;
				CLANG_WARN_CONSTANT_CONVERSION = YES;
				CLANG_WARN_DEPRECATED_OBJC_IMPLEMENTATIONS = YES;
				CLANG_WARN_DIRECT_OBJC_ISA_USAGE = YES_ERROR;
				CLANG_WARN_DOCUMENTATION_COMMENTS = YES;
				CLANG_WARN_EMPTY_BODY = YES;
				CLANG_WARN_ENUM_CONVERSION = YES;
				CLANG_WARN_INFINITE_RECURSION = YES;
				CLANG_WARN_INT_CONVERSION = YES;
				CLANG_WARN_NON_LITERAL_NULL_CONVERSION = YES;
				CLANG_WARN_OBJC_IMPLICIT_RETAIN_SELF = YES;
				CLANG_WARN_OBJC_LITERAL_CONVERSION = YES;
				CLANG_WARN_OBJC_ROOT_CLASS = YES_ERROR;
				CLANG_WARN_QUOTED_INCLUDE_IN_FRAMEWORK_HEADER = YES;
				CLANG_WARN_RANGE_LOOP_ANALYSIS = YES;
				CLANG_WARN_STRICT_PROTOTYPES = YES;
				CLANG_WARN_SUSPICIOUS_MOVE = YES;
				CLANG_WARN_UNGUARDED_AVAILABILITY = YES_AGGRESSIVE;
				CLANG_WARN_UNREACHABLE_CODE = YES;
				CLANG_WARN__DUPLICATE_METHOD_MATCH = YES;
				COPY_PHASE_STRIP = NO;
				DEBUG_INFORMATION_FORMAT = dwarf;
				DEVELOPMENT_TEAM = WDEZX8QD47;
				ENABLE_STRICT_OBJC_MSGSEND = YES;
				ENABLE_TESTABILITY = YES;
				ENABLE_USER_SCRIPT_SANDBOXING = YES;
				GCC_C_LANGUAGE_STANDARD = gnu17;
				GCC_DYNAMIC_NO_PIC = NO;
				GCC_NO_COMMON_BLOCKS = YES;
				GCC_OPTIMIZATION_LEVEL = 0;
				GCC_PREPROCESSOR_DEFINITIONS = (
					"DEBUG=1",
					"$(inherited)",
				);
				GCC_WARN_64_TO_32_BIT_CONVERSION = YES;
				GCC_WARN_ABOUT_RETURN_TYPE = YES_ERROR;
				GCC_WARN_UNDECLARED_SELECTOR = YES;
				GCC_WARN_UNINITIALIZED_AUTOS = YES_AGGRESSIVE;
				GCC_WARN_UNUSED_FUNCTION = YES;
				GCC_WARN_UNUSED_VARIABLE = YES;
				IPHONEOS_DEPLOYMENT_TARGET = 26.2;
				LOCALIZATION_PREFERS_STRING_CATALOGS = YES;
				MTL_ENABLE_DEBUG_INFO = INCLUDE_SOURCE;
				MTL_FAST_MATH = YES;
				ONLY_ACTIVE_ARCH = YES;
				SDKROOT = iphoneos;
				SWIFT_ACTIVE_COMPILATION_CONDITIONS = "DEBUG $(inherited)";
				SWIFT_OPTIMIZATION_LEVEL = "-Onone";
			};
			name = Debug;
		};
		80481AC52F22864600639658 /* Release */ = {
			isa = XCBuildConfiguration;
			buildSettings = {
				ALWAYS_SEARCH_USER_PATHS = NO;
				ASSETCATALOG_COMPILER_GENERATE_SWIFT_ASSET_SYMBOL_EXTENSIONS = YES;
				CLANG_ANALYZER_NONNULL = YES;
				CLANG_ANALYZER_NUMBER_OBJECT_CONVERSION = YES_AGGRESSIVE;
				CLANG_CXX_LANGUAGE_STANDARD = "gnu++20";
				CLANG_ENABLE_MODULES = YES;
				CLANG_ENABLE_OBJC_ARC = YES;
				CLANG_ENABLE_OBJC_WEAK = YES;
				CLANG_WARN_BLOCK_CAPTURE_AUTORELEASING = YES;
				CLANG_WARN_BOOL_CONVERSION = YES;
				CLANG_WARN_COMMA = YES;
				CLANG_WARN_CONSTANT_CONVERSION = YES;
				CLANG_WARN_DEPRECATED_OBJC_IMPLEMENTATIONS = YES;
				CLANG_WARN_DIRECT_OBJC_ISA_USAGE = YES_ERROR;
				CLANG_WARN_DOCUMENTATION_COMMENTS = YES;
				CLANG_WARN_EMPTY_BODY = YES;
				CLANG_WARN_ENUM_CONVERSION = YES;
				CLANG_WARN_INFINITE_RECURSION = YES;
				CLANG_WARN_INT_CONVERSION = YES;
				CLANG_WARN_NON_LITERAL_NULL_CONVERSION = YES;
				CLANG_WARN_OBJC_IMPLICIT_RETAIN_SELF = YES;
				CLANG_WARN_OBJC_LITERAL_CONVERSION = YES;
				CLANG_WARN_OBJC_ROOT_CLASS = YES_ERROR;
				CLANG_WARN_QUOTED_INCLUDE_IN_FRAMEWORK_HEADER = YES;
				CLANG_WARN_RANGE_LOOP_ANALYSIS = YES;
				CLANG_WARN_STRICT_PROTOTYPES = YES;
				CLANG_WARN_SUSPICIOUS_MOVE = YES;
				CLANG_WARN_UNGUARDED_AVAILABILITY = YES_AGGRESSIVE;
				CLANG_WARN_UNREACHABLE_CODE = YES;
				CLANG_WARN__DUPLICATE_METHOD_MATCH = YES;
				COPY_PHASE_STRIP = NO;
				DEBUG_INFORMATION_FORMAT = "dwarf-with-dsym";
				DEVELOPMENT_TEAM = WDEZX8QD47;
				ENABLE_NS_ASSERTIONS = NO;
				ENABLE_STRICT_OBJC_MSGSEND = YES;
				ENABLE_USER_SCRIPT_SANDBOXING = YES;
				GCC_C_LANGUAGE_STANDARD = gnu17;
				GCC_NO_COMMON_BLOCKS = YES;
				GCC_WARN_64_TO_32_BIT_CONVERSION = YES;
				GCC_WARN_ABOUT_RETURN_TYPE = YES_ERROR;
				GCC_WARN_UNDECLARED_SELECTOR = YES;
				GCC_WARN_UNINITIALIZED_AUTOS = YES_AGGRESSIVE;
				GCC_WARN_UNUSED_FUNCTION = YES;
				GCC_WARN_UNUSED_VARIABLE = YES;
				IPHONEOS_DEPLOYMENT_TARGET = 26.2;
				LOCALIZATION_PREFERS_STRING_CATALOGS = YES;
				MTL_ENABLE_DEBUG_INFO = NO;
				MTL_FAST_MATH = YES;
				SDKROOT = iphoneos;
				SWIFT_COMPILATION_MODE = wholemodule;
				VALIDATE_PRODUCT = YES;
			};
			name = Release;
		};
		80481AC72F22864600639658 /* Debug */ = {
			isa = XCBuildConfiguration;
			buildSettings = {
				ASSETCATALOG_COMPILER_APPICON_NAME = AppIcon;
				ASSETCATALOG_COMPILER_GLOBAL_ACCENT_COLOR_NAME = AccentColor;
				CODE_SIGN_STYLE = Automatic;
				CURRENT_PROJECT_VERSION = 1;
				DEVELOPMENT_TEAM = WDEZX8QD47;
				ENABLE_PREVIEWS = YES;
				GENERATE_INFOPLIST_FILE = YES;
				INFOPLIST_KEY_UIApplicationSceneManifest_Generation = YES;
				INFOPLIST_KEY_UIApplicationSupportsIndirectInputEvents = YES;
				INFOPLIST_KEY_UILaunchScreen_Generation = YES;
				INFOPLIST_KEY_UISupportedInterfaceOrientations_iPad = "UIInterfaceOrientationPortrait UIInterfaceOrientationPortraitUpsideDown UIInterfaceOrientationLandscapeLeft UIInterfaceOrientationLandscapeRight";
				INFOPLIST_KEY_UISupportedInterfaceOrientations_iPhone = "UIInterfaceOrientationPortrait UIInterfaceOrientationLandscapeLeft UIInterfaceOrientationLandscapeRight";
				LD_RUNPATH_SEARCH_PATHS = (
					"$(inherited)",
					"@executable_path/Frameworks",
				);
				MARKETING_VERSION = 1.0;
				PRODUCT_BUNDLE_IDENTIFIER = io.rover.LiveActivityPreviews;
				PRODUCT_NAME = "$(TARGET_NAME)";
				STRING_CATALOG_GENERATE_SYMBOLS = YES;
				SWIFT_APPROACHABLE_CONCURRENCY = YES;
				SWIFT_DEFAULT_ACTOR_ISOLATION = MainActor;
				SWIFT_EMIT_LOC_STRINGS = YES;
				SWIFT_UPCOMING_FEATURE_MEMBER_IMPORT_VISIBILITY = YES;
				SWIFT_VERSION = 5.0;
				TARGETED_DEVICE_FAMILY = "1,2";
			};
			name = Debug;
		};
		80481AC82F22864600639658 /* Release */ = {
			isa = XCBuildConfiguration;
			buildSettings = {
				ASSETCATALOG_COMPILER_APPICON_NAME = AppIcon;
				ASSETCATALOG_COMPILER_GLOBAL_ACCENT_COLOR_NAME = AccentColor;
				CODE_SIGN_STYLE = Automatic;
				CURRENT_PROJECT_VERSION = 1;
				DEVELOPMENT_TEAM = WDEZX8QD47;
				ENABLE_PREVIEWS = YES;
				GENERATE_INFOPLIST_FILE = YES;
				INFOPLIST_KEY_UIApplicationSceneManifest_Generation = YES;
				INFOPLIST_KEY_UIApplicationSupportsIndirectInputEvents = YES;
				INFOPLIST_KEY_UILaunchScreen_Generation = YES;
				INFOPLIST_KEY_UISupportedInterfaceOrientations_iPad = "UIInterfaceOrientationPortrait UIInterfaceOrientationPortraitUpsideDown UIInterfaceOrientationLandscapeLeft UIInterfaceOrientationLandscapeRight";
				INFOPLIST_KEY_UISupportedInterfaceOrientations_iPhone = "UIInterfaceOrientationPortrait UIInterfaceOrientationLandscapeLeft UIInterfaceOrientationLandscapeRight";
				LD_RUNPATH_SEARCH_PATHS = (
					"$(inherited)",
					"@executable_path/Frameworks",
				);
				MARKETING_VERSION = 1.0;
				PRODUCT_BUNDLE_IDENTIFIER = io.rover.LiveActivityPreviews;
				PRODUCT_NAME = "$(TARGET_NAME)";
				STRING_CATALOG_GENERATE_SYMBOLS = YES;
				SWIFT_APPROACHABLE_CONCURRENCY = YES;
				SWIFT_DEFAULT_ACTOR_ISOLATION = MainActor;
				SWIFT_EMIT_LOC_STRINGS = YES;
				SWIFT_UPCOMING_FEATURE_MEMBER_IMPORT_VISIBILITY = YES;
				SWIFT_VERSION = 5.0;
				TARGETED_DEVICE_FAMILY = "1,2";
			};
			name = Release;
		};
		80481AF32F22871500639658 /* Debug */ = {
			isa = XCBuildConfiguration;
			buildSettings = {
				ASSETCATALOG_COMPILER_GLOBAL_ACCENT_COLOR_NAME = AccentColor;
				ASSETCATALOG_COMPILER_WIDGET_BACKGROUND_COLOR_NAME = WidgetBackground;
				CODE_SIGN_STYLE = Automatic;
				CURRENT_PROJECT_VERSION = 1;
				DEVELOPMENT_TEAM = WDEZX8QD47;
				GENERATE_INFOPLIST_FILE = YES;
				INFOPLIST_FILE = GameWidget/Info.plist;
				INFOPLIST_KEY_CFBundleDisplayName = GameWidget;
				INFOPLIST_KEY_NSHumanReadableCopyright = "";
				LD_RUNPATH_SEARCH_PATHS = (
					"$(inherited)",
					"@executable_path/Frameworks",
					"@executable_path/../../Frameworks",
				);
				MARKETING_VERSION = 1.0;
				PRODUCT_BUNDLE_IDENTIFIER = io.rover.LiveActivityPreviews.GameWidget;
				PRODUCT_NAME = "$(TARGET_NAME)";
				SKIP_INSTALL = YES;
				STRING_CATALOG_GENERATE_SYMBOLS = YES;
				SWIFT_APPROACHABLE_CONCURRENCY = YES;
				SWIFT_EMIT_LOC_STRINGS = YES;
				SWIFT_UPCOMING_FEATURE_MEMBER_IMPORT_VISIBILITY = YES;
				SWIFT_VERSION = 5.0;
				TARGETED_DEVICE_FAMILY = "1,2";
			};
			name = Debug;
		};
		80481AF42F22871500639658 /* Release */ = {
			isa = XCBuildConfiguration;
			buildSettings = {
				ASSETCATALOG_COMPILER_GLOBAL_ACCENT_COLOR_NAME = AccentColor;
				ASSETCATALOG_COMPILER_WIDGET_BACKGROUND_COLOR_NAME = WidgetBackground;
				CODE_SIGN_STYLE = Automatic;
				CURRENT_PROJECT_VERSION = 1;
				DEVELOPMENT_TEAM = WDEZX8QD47;
				GENERATE_INFOPLIST_FILE = YES;
				INFOPLIST_FILE = GameWidget/Info.plist;
				INFOPLIST_KEY_CFBundleDisplayName = GameWidget;
				INFOPLIST_KEY_NSHumanReadableCopyright = "";
				LD_RUNPATH_SEARCH_PATHS = (
					"$(inherited)",
					"@executable_path/Frameworks",
					"@executable_path/../../Frameworks",
				);
				MARKETING_VERSION = 1.0;
				PRODUCT_BUNDLE_IDENTIFIER = io.rover.LiveActivityPreviews.GameWidget;
				PRODUCT_NAME = "$(TARGET_NAME)";
				SKIP_INSTALL = YES;
				STRING_CATALOG_GENERATE_SYMBOLS = YES;
				SWIFT_APPROACHABLE_CONCURRENCY = YES;
				SWIFT_EMIT_LOC_STRINGS = YES;
				SWIFT_UPCOMING_FEATURE_MEMBER_IMPORT_VISIBILITY = YES;
				SWIFT_VERSION = 5.0;
				TARGETED_DEVICE_FAMILY = "1,2";
			};
			name = Release;
		};
/* End XCBuildConfiguration section */

/* Begin XCConfigurationList section */
		80481AB62F22864500639658 /* Build configuration list for PBXProject "LiveActivityPreviews" */ = {
			isa = XCConfigurationList;
			buildConfigurations = (
				80481AC42F22864600639658 /* Debug */,
				80481AC52F22864600639658 /* Release */,
			);
			defaultConfigurationIsVisible = 0;
			defaultConfigurationName = Release;
		};
		80481AC62F22864600639658 /* Build configuration list for PBXNativeTarget "LiveActivityPreviews" */ = {
			isa = XCConfigurationList;
			buildConfigurations = (
				80481AC72F22864600639658 /* Debug */,
				80481AC82F22864600639658 /* Release */,
			);
			defaultConfigurationIsVisible = 0;
			defaultConfigurationName = Release;
		};
		80481AF22F22871500639658 /* Build configuration list for PBXNativeTarget "GameWidgetExtension" */ = {
			isa = XCConfigurationList;
			buildConfigurations = (
				80481AF32F22871500639658 /* Debug */,
				80481AF42F22871500639658 /* Release */,
			);
			defaultConfigurationIsVisible = 0;
			defaultConfigurationName = Release;
		};
/* End XCConfigurationList section */

/* Begin XCSwiftPackageProductDependency section */
		80481AD72F2286EA00639658 /* RoverNBALiveActivities */ = {
			isa = XCSwiftPackageProductDependency;
			productName = RoverNBALiveActivities;
		};
		80481AD92F2286EA00639658 /* RoverNFLLiveActivities */ = {
			isa = XCSwiftPackageProductDependency;
			productName = RoverNFLLiveActivities;
		};
		80481ADB2F2286EA00639658 /* RoverNHLLiveActivities */ = {
			isa = XCSwiftPackageProductDependency;
			productName = RoverNHLLiveActivities;
		};
		80481AF62F22872600639658 /* RoverNBALiveActivities */ = {
			isa = XCSwiftPackageProductDependency;
			productName = RoverNBALiveActivities;
		};
		80481AF82F22872600639658 /* RoverNFLLiveActivities */ = {
			isa = XCSwiftPackageProductDependency;
			productName = RoverNFLLiveActivities;
		};
		80481AFA2F22872600639658 /* RoverNHLLiveActivities */ = {
			isa = XCSwiftPackageProductDependency;
			productName = RoverNHLLiveActivities;
		};
/* End XCSwiftPackageProductDependency section */
	};
	rootObject = 80481AB32F22864500639658 /* Project object */;
}
